// !$*UTF8*$!
{
	archiveVersion = 1;
	classes = {
	};
	objectVersion = 51;
	objects = {

/* Begin PBXBuildFile section */
		70D9ACFB3037CB3506CB401C /* Pods_challengeFinal_challengeFinalTests.framework in Frameworks */ = {isa = PBXBuildFile; fileRef = 4DA9293BB9AD97035E577805 /* Pods_challengeFinal_challengeFinalTests.framework */; };
		8D41F68B2530932300A496C6 /* AppDelegate.swift in Sources */ = {isa = PBXBuildFile; fileRef = 8D41F68A2530932300A496C6 /* AppDelegate.swift */; };
		8D41F68D2530932300A496C6 /* SceneDelegate.swift in Sources */ = {isa = PBXBuildFile; fileRef = 8D41F68C2530932300A496C6 /* SceneDelegate.swift */; };
		8D41F68F2530932300A496C6 /* ViewController.swift in Sources */ = {isa = PBXBuildFile; fileRef = 8D41F68E2530932300A496C6 /* ViewController.swift */; };
		8D41F6922530932300A496C6 /* Main.storyboard in Resources */ = {isa = PBXBuildFile; fileRef = 8D41F6902530932300A496C6 /* Main.storyboard */; };
		8D41F6942530932500A496C6 /* Assets.xcassets in Resources */ = {isa = PBXBuildFile; fileRef = 8D41F6932530932500A496C6 /* Assets.xcassets */; };
		8D41F6972530932500A496C6 /* LaunchScreen.storyboard in Resources */ = {isa = PBXBuildFile; fileRef = 8D41F6952530932500A496C6 /* LaunchScreen.storyboard */; };
		8D41F6BE253099B900A496C6 /* Coordinator.swift in Sources */ = {isa = PBXBuildFile; fileRef = 8D41F6BD253099B900A496C6 /* Coordinator.swift */; };
		8D41F6C325309A1000A496C6 /* MainCoordinator.swift in Sources */ = {isa = PBXBuildFile; fileRef = 8D41F6C225309A1000A496C6 /* MainCoordinator.swift */; };
		8D41F6CB25309C6700A496C6 /* Storyboarded.swift in Sources */ = {isa = PBXBuildFile; fileRef = 8D41F6CA25309C6700A496C6 /* Storyboarded.swift */; };
		8D73A56A2537286500C5759E /* StoryNode.swift in Sources */ = {isa = PBXBuildFile; fileRef = 8D73A5692537286500C5759E /* StoryNode.swift */; };
		8D73A57225372B6400C5759E /* Game.swift in Sources */ = {isa = PBXBuildFile; fileRef = 8D73A57125372B6400C5759E /* Game.swift */; };
		8DEE2C6F253746A3006C187B /* StoryNodesTest.swift in Sources */ = {isa = PBXBuildFile; fileRef = 8DEE2C6E253746A3006C187B /* StoryNodesTest.swift */; };
		8DEE2C7825374E1F006C187B /* StoryNodeManager.swift in Sources */ = {isa = PBXBuildFile; fileRef = 8DEE2C7725374E1F006C187B /* StoryNodeManager.swift */; };
		B08D4A095391882B7B2C3C17 /* Pods_challengeFinal.framework in Frameworks */ = {isa = PBXBuildFile; fileRef = 44548E80E7D0A3A976B144A5 /* Pods_challengeFinal.framework */; };
		DA35ED362535F3E30061606C /* ImageView.swift in Sources */ = {isa = PBXBuildFile; fileRef = DA35ED352535F3E30061606C /* ImageView.swift */; };
		DA35ED3D2535F3FF0061606C /* ImageViewTests.swift in Sources */ = {isa = PBXBuildFile; fileRef = DA35ED3C2535F3FF0061606C /* ImageViewTests.swift */; };
		DA35ED452535F48E0061606C /* MockView.swift in Sources */ = {isa = PBXBuildFile; fileRef = DA35ED442535F48E0061606C /* MockView.swift */; };
/* End PBXBuildFile section */

/* Begin PBXContainerItemProxy section */
		8D41F69E2530932500A496C6 /* PBXContainerItemProxy */ = {
			isa = PBXContainerItemProxy;
			containerPortal = 8D41F67F2530932200A496C6 /* Project object */;
			proxyType = 1;
			remoteGlobalIDString = 8D41F6862530932200A496C6;
			remoteInfo = challengeFinal;
		};
/* End PBXContainerItemProxy section */

/* Begin PBXFileReference section */
		051B5C72F68970D599E310E1 /* Pods-challengeFinal-challengeFinalTests.release.xcconfig */ = {isa = PBXFileReference; includeInIndex = 1; lastKnownFileType = text.xcconfig; name = "Pods-challengeFinal-challengeFinalTests.release.xcconfig"; path = "Target Support Files/Pods-challengeFinal-challengeFinalTests/Pods-challengeFinal-challengeFinalTests.release.xcconfig"; sourceTree = "<group>"; };
		44548E80E7D0A3A976B144A5 /* Pods_challengeFinal.framework */ = {isa = PBXFileReference; explicitFileType = wrapper.framework; includeInIndex = 0; path = Pods_challengeFinal.framework; sourceTree = BUILT_PRODUCTS_DIR; };
		4DA9293BB9AD97035E577805 /* Pods_challengeFinal_challengeFinalTests.framework */ = {isa = PBXFileReference; explicitFileType = wrapper.framework; includeInIndex = 0; path = Pods_challengeFinal_challengeFinalTests.framework; sourceTree = BUILT_PRODUCTS_DIR; };
		77B9F2E37B837715B6F04743 /* Pods-challengeFinal.release.xcconfig */ = {isa = PBXFileReference; includeInIndex = 1; lastKnownFileType = text.xcconfig; name = "Pods-challengeFinal.release.xcconfig"; path = "Target Support Files/Pods-challengeFinal/Pods-challengeFinal.release.xcconfig"; sourceTree = "<group>"; };
		7EC7DA82237EAE10FBC69ACD /* Pods_challengeFinal_challengeFinalUITests.framework */ = {isa = PBXFileReference; explicitFileType = wrapper.framework; includeInIndex = 0; path = Pods_challengeFinal_challengeFinalUITests.framework; sourceTree = BUILT_PRODUCTS_DIR; };
		8D41F6872530932300A496C6 /* challengeFinal.app */ = {isa = PBXFileReference; explicitFileType = wrapper.application; includeInIndex = 0; path = challengeFinal.app; sourceTree = BUILT_PRODUCTS_DIR; };
		8D41F68A2530932300A496C6 /* AppDelegate.swift */ = {isa = PBXFileReference; lastKnownFileType = sourcecode.swift; path = AppDelegate.swift; sourceTree = "<group>"; };
		8D41F68C2530932300A496C6 /* SceneDelegate.swift */ = {isa = PBXFileReference; lastKnownFileType = sourcecode.swift; path = SceneDelegate.swift; sourceTree = "<group>"; };
		8D41F68E2530932300A496C6 /* ViewController.swift */ = {isa = PBXFileReference; lastKnownFileType = sourcecode.swift; path = ViewController.swift; sourceTree = "<group>"; };
		8D41F6912530932300A496C6 /* Base */ = {isa = PBXFileReference; lastKnownFileType = file.storyboard; name = Base; path = Base.lproj/Main.storyboard; sourceTree = "<group>"; };
		8D41F6932530932500A496C6 /* Assets.xcassets */ = {isa = PBXFileReference; lastKnownFileType = folder.assetcatalog; path = Assets.xcassets; sourceTree = "<group>"; };
		8D41F6962530932500A496C6 /* Base */ = {isa = PBXFileReference; lastKnownFileType = file.storyboard; name = Base; path = Base.lproj/LaunchScreen.storyboard; sourceTree = "<group>"; };
		8D41F6982530932500A496C6 /* Info.plist */ = {isa = PBXFileReference; lastKnownFileType = text.plist.xml; path = Info.plist; sourceTree = "<group>"; };
		8D41F69D2530932500A496C6 /* challengeFinalTests.xctest */ = {isa = PBXFileReference; explicitFileType = wrapper.cfbundle; includeInIndex = 0; path = challengeFinalTests.xctest; sourceTree = BUILT_PRODUCTS_DIR; };
		8D41F6A32530932500A496C6 /* Info.plist */ = {isa = PBXFileReference; lastKnownFileType = text.plist.xml; path = Info.plist; sourceTree = "<group>"; };
		8D41F6BD253099B900A496C6 /* Coordinator.swift */ = {isa = PBXFileReference; lastKnownFileType = sourcecode.swift; path = Coordinator.swift; sourceTree = "<group>"; };
		8D41F6C225309A1000A496C6 /* MainCoordinator.swift */ = {isa = PBXFileReference; lastKnownFileType = sourcecode.swift; path = MainCoordinator.swift; sourceTree = "<group>"; };
		8D41F6CA25309C6700A496C6 /* Storyboarded.swift */ = {isa = PBXFileReference; lastKnownFileType = sourcecode.swift; path = Storyboarded.swift; sourceTree = "<group>"; };
		8D73A5692537286500C5759E /* StoryNode.swift */ = {isa = PBXFileReference; lastKnownFileType = sourcecode.swift; path = StoryNode.swift; sourceTree = "<group>"; };
		8D73A57125372B6400C5759E /* Game.swift */ = {isa = PBXFileReference; lastKnownFileType = sourcecode.swift; path = Game.swift; sourceTree = "<group>"; };
		8DEE2C6E253746A3006C187B /* StoryNodesTest.swift */ = {isa = PBXFileReference; lastKnownFileType = sourcecode.swift; path = StoryNodesTest.swift; sourceTree = "<group>"; };
		8DEE2C7725374E1F006C187B /* StoryNodeManager.swift */ = {isa = PBXFileReference; lastKnownFileType = sourcecode.swift; path = StoryNodeManager.swift; sourceTree = "<group>"; };
		AD27566663346DD3881AC3C2 /* Pods-challengeFinal-challengeFinalTests.debug.xcconfig */ = {isa = PBXFileReference; includeInIndex = 1; lastKnownFileType = text.xcconfig; name = "Pods-challengeFinal-challengeFinalTests.debug.xcconfig"; path = "Target Support Files/Pods-challengeFinal-challengeFinalTests/Pods-challengeFinal-challengeFinalTests.debug.xcconfig"; sourceTree = "<group>"; };
		B3C65AD70148E9DF28692587 /* Pods-challengeFinal.debug.xcconfig */ = {isa = PBXFileReference; includeInIndex = 1; lastKnownFileType = text.xcconfig; name = "Pods-challengeFinal.debug.xcconfig"; path = "Target Support Files/Pods-challengeFinal/Pods-challengeFinal.debug.xcconfig"; sourceTree = "<group>"; };
		DA35ED352535F3E30061606C /* ImageView.swift */ = {isa = PBXFileReference; fileEncoding = 4; lastKnownFileType = sourcecode.swift; path = ImageView.swift; sourceTree = "<group>"; };
		DA35ED3C2535F3FF0061606C /* ImageViewTests.swift */ = {isa = PBXFileReference; fileEncoding = 4; lastKnownFileType = sourcecode.swift; path = ImageViewTests.swift; sourceTree = "<group>"; };
		DA35ED442535F48E0061606C /* MockView.swift */ = {isa = PBXFileReference; lastKnownFileType = sourcecode.swift; path = MockView.swift; sourceTree = "<group>"; };
/* End PBXFileReference section */

/* Begin PBXFrameworksBuildPhase section */
		8D41F6842530932200A496C6 /* Frameworks */ = {
			isa = PBXFrameworksBuildPhase;
			buildActionMask = 2147483647;
			files = (
				B08D4A095391882B7B2C3C17 /* Pods_challengeFinal.framework in Frameworks */,
			);
			runOnlyForDeploymentPostprocessing = 0;
		};
		8D41F69A2530932500A496C6 /* Frameworks */ = {
			isa = PBXFrameworksBuildPhase;
			buildActionMask = 2147483647;
			files = (
				70D9ACFB3037CB3506CB401C /* Pods_challengeFinal_challengeFinalTests.framework in Frameworks */,
			);
			runOnlyForDeploymentPostprocessing = 0;
		};
/* End PBXFrameworksBuildPhase section */

/* Begin PBXGroup section */
		2BCA96F367C94307056554B5 /* Frameworks */ = {
			isa = PBXGroup;
			children = (
				44548E80E7D0A3A976B144A5 /* Pods_challengeFinal.framework */,
				7EC7DA82237EAE10FBC69ACD /* Pods_challengeFinal_challengeFinalUITests.framework */,
				4DA9293BB9AD97035E577805 /* Pods_challengeFinal_challengeFinalTests.framework */,
			);
			name = Frameworks;
			sourceTree = "<group>";
		};
		8D41F67E2530932200A496C6 = {
			isa = PBXGroup;
			children = (
				DA35ED332535F3E30061606C /* challengeFinalComponents */,
				8D41F6892530932300A496C6 /* challengeFinal */,
				8D41F6A02530932500A496C6 /* challengeFinalTests */,
				8D41F6882530932300A496C6 /* Products */,
				2BCA96F367C94307056554B5 /* Frameworks */,
				F88E6400B00FFA7446B22489 /* Pods */,
			);
			sourceTree = "<group>";
		};
		8D41F6882530932300A496C6 /* Products */ = {
			isa = PBXGroup;
			children = (
				8D41F6872530932300A496C6 /* challengeFinal.app */,
				8D41F69D2530932500A496C6 /* challengeFinalTests.xctest */,
			);
			name = Products;
			sourceTree = "<group>";
		};
		8D41F6892530932300A496C6 /* challengeFinal */ = {
			isa = PBXGroup;
			children = (
				8D73A57125372B6400C5759E /* Game.swift */,
				8D41F6D62530A60700A496C6 /* App-SceneDelegate */,
				8D41F6D22530A56D00A496C6 /* Coordinator */,
				8D41F68E2530932300A496C6 /* ViewController.swift */,
				8D41F6902530932300A496C6 /* Main.storyboard */,
				8D41F6DA2530A72500A496C6 /* Assets */,
				8D41F6952530932500A496C6 /* LaunchScreen.storyboard */,
				8D41F6982530932500A496C6 /* Info.plist */,
			);
			path = challengeFinal;
			sourceTree = "<group>";
		};
		8D41F6A02530932500A496C6 /* challengeFinalTests */ = {
			isa = PBXGroup;
			children = (
				DA35ED3B2535F3FF0061606C /* Components */,
				8D41F6A32530932500A496C6 /* Info.plist */,
				DA35ED442535F48E0061606C /* MockView.swift */,
				8DEE2C6E253746A3006C187B /* StoryNodesTest.swift */,
			);
			path = challengeFinalTests;
			sourceTree = "<group>";
		};
		8D41F6D22530A56D00A496C6 /* Coordinator */ = {
			isa = PBXGroup;
			children = (
				8D41F6CA25309C6700A496C6 /* Storyboarded.swift */,
				8D41F6BD253099B900A496C6 /* Coordinator.swift */,
				8D41F6C225309A1000A496C6 /* MainCoordinator.swift */,
			);
			path = Coordinator;
			sourceTree = "<group>";
		};
		8D41F6D62530A60700A496C6 /* App-SceneDelegate */ = {
			isa = PBXGroup;
			children = (
				8D41F68A2530932300A496C6 /* AppDelegate.swift */,
				8D41F68C2530932300A496C6 /* SceneDelegate.swift */,
			);
			path = "App-SceneDelegate";
			sourceTree = "<group>";
		};
		8D41F6DA2530A72500A496C6 /* Assets */ = {
			isa = PBXGroup;
			children = (
				8D41F6932530932500A496C6 /* Assets.xcassets */,
			);
			path = Assets;
			sourceTree = "<group>";
		};
		8D73A5682537284400C5759E /* gameComponents */ = {
			isa = PBXGroup;
			children = (
				8D73A5692537286500C5759E /* StoryNode.swift */,
				8DEE2C7725374E1F006C187B /* StoryNodeManager.swift */,
			);
			path = gameComponents;
			sourceTree = "<group>";
		};
		DA35ED332535F3E30061606C /* challengeFinalComponents */ = {
			isa = PBXGroup;
			children = (
				8D73A5682537284400C5759E /* gameComponents */,
				DA35ED342535F3E30061606C /* ImageView */,
			);
			path = challengeFinalComponents;
			sourceTree = "<group>";
		};
		DA35ED342535F3E30061606C /* ImageView */ = {
			isa = PBXGroup;
			children = (
				DA35ED352535F3E30061606C /* ImageView.swift */,
			);
			path = ImageView;
			sourceTree = "<group>";
		};
		DA35ED3B2535F3FF0061606C /* Components */ = {
			isa = PBXGroup;
			children = (
				DA35ED3C2535F3FF0061606C /* ImageViewTests.swift */,
			);
			path = Components;
			sourceTree = "<group>";
		};
		F88E6400B00FFA7446B22489 /* Pods */ = {
			isa = PBXGroup;
			children = (
				B3C65AD70148E9DF28692587 /* Pods-challengeFinal.debug.xcconfig */,
				77B9F2E37B837715B6F04743 /* Pods-challengeFinal.release.xcconfig */,
				AD27566663346DD3881AC3C2 /* Pods-challengeFinal-challengeFinalTests.debug.xcconfig */,
				051B5C72F68970D599E310E1 /* Pods-challengeFinal-challengeFinalTests.release.xcconfig */,
			);
			path = Pods;
			sourceTree = "<group>";
		};
/* End PBXGroup section */

/* Begin PBXNativeTarget section */
		8D41F6862530932200A496C6 /* challengeFinal */ = {
			isa = PBXNativeTarget;
			buildConfigurationList = 8D41F6B12530932500A496C6 /* Build configuration list for PBXNativeTarget "challengeFinal" */;
			buildPhases = (
				94E714B610347F37F66020D5 /* [CP] Check Pods Manifest.lock */,
				8D41F6832530932200A496C6 /* Sources */,
				8D41F6842530932200A496C6 /* Frameworks */,
				8D41F6852530932200A496C6 /* Resources */,
			);
			buildRules = (
			);
			dependencies = (
			);
			name = challengeFinal;
			productName = challengeFinal;
			productReference = 8D41F6872530932300A496C6 /* challengeFinal.app */;
			productType = "com.apple.product-type.application";
		};
		8D41F69C2530932500A496C6 /* challengeFinalTests */ = {
			isa = PBXNativeTarget;
			buildConfigurationList = 8D41F6B42530932500A496C6 /* Build configuration list for PBXNativeTarget "challengeFinalTests" */;
			buildPhases = (
				19FB791D4ECEED121CFD3848 /* [CP] Check Pods Manifest.lock */,
				8D41F6992530932500A496C6 /* Sources */,
				8D41F69A2530932500A496C6 /* Frameworks */,
				8D41F69B2530932500A496C6 /* Resources */,
				ADDD9511FCB3EFC4947F5FA3 /* [CP] Embed Pods Frameworks */,
			);
			buildRules = (
			);
			dependencies = (
				8D41F69F2530932500A496C6 /* PBXTargetDependency */,
			);
			name = challengeFinalTests;
			productName = challengeFinalTests;
			productReference = 8D41F69D2530932500A496C6 /* challengeFinalTests.xctest */;
			productType = "com.apple.product-type.bundle.unit-test";
		};
/* End PBXNativeTarget section */

/* Begin PBXProject section */
		8D41F67F2530932200A496C6 /* Project object */ = {
			isa = PBXProject;
			attributes = {
				LastSwiftUpdateCheck = 1200;
				LastUpgradeCheck = 1200;
				TargetAttributes = {
					8D41F6862530932200A496C6 = {
						CreatedOnToolsVersion = 12.0.1;
					};
					8D41F69C2530932500A496C6 = {
						CreatedOnToolsVersion = 12.0.1;
						TestTargetID = 8D41F6862530932200A496C6;
					};
				};
			};
			buildConfigurationList = 8D41F6822530932200A496C6 /* Build configuration list for PBXProject "challengeFinal" */;
			compatibilityVersion = "Xcode 9.3";
			developmentRegion = en;
			hasScannedForEncodings = 0;
			knownRegions = (
				en,
				Base,
			);
			mainGroup = 8D41F67E2530932200A496C6;
			productRefGroup = 8D41F6882530932300A496C6 /* Products */;
			projectDirPath = "";
			projectRoot = "";
			targets = (
				8D41F6862530932200A496C6 /* challengeFinal */,
				8D41F69C2530932500A496C6 /* challengeFinalTests */,
			);
		};
/* End PBXProject section */

/* Begin PBXResourcesBuildPhase section */
		8D41F6852530932200A496C6 /* Resources */ = {
			isa = PBXResourcesBuildPhase;
			buildActionMask = 2147483647;
			files = (
				8D41F6972530932500A496C6 /* LaunchScreen.storyboard in Resources */,
				8D41F6942530932500A496C6 /* Assets.xcassets in Resources */,
				8D41F6922530932300A496C6 /* Main.storyboard in Resources */,
			);
			runOnlyForDeploymentPostprocessing = 0;
		};
		8D41F69B2530932500A496C6 /* Resources */ = {
			isa = PBXResourcesBuildPhase;
			buildActionMask = 2147483647;
			files = (
			);
			runOnlyForDeploymentPostprocessing = 0;
		};
/* End PBXResourcesBuildPhase section */

/* Begin PBXShellScriptBuildPhase section */
		19FB791D4ECEED121CFD3848 /* [CP] Check Pods Manifest.lock */ = {
			isa = PBXShellScriptBuildPhase;
			buildActionMask = 2147483647;
			files = (
			);
			inputFileListPaths = (
			);
			inputPaths = (
				"${PODS_PODFILE_DIR_PATH}/Podfile.lock",
				"${PODS_ROOT}/Manifest.lock",
			);
			name = "[CP] Check Pods Manifest.lock";
			outputFileListPaths = (
			);
			outputPaths = (
				"$(DERIVED_FILE_DIR)/Pods-challengeFinal-challengeFinalTests-checkManifestLockResult.txt",
			);
			runOnlyForDeploymentPostprocessing = 0;
			shellPath = /bin/sh;
			shellScript = "diff \"${PODS_PODFILE_DIR_PATH}/Podfile.lock\" \"${PODS_ROOT}/Manifest.lock\" > /dev/null\nif [ $? != 0 ] ; then\n    # print error to STDERR\n    echo \"error: The sandbox is not in sync with the Podfile.lock. Run 'pod install' or update your CocoaPods installation.\" >&2\n    exit 1\nfi\n# This output is used by Xcode 'outputs' to avoid re-running this script phase.\necho \"SUCCESS\" > \"${SCRIPT_OUTPUT_FILE_0}\"\n";
			showEnvVarsInLog = 0;
		};
		94E714B610347F37F66020D5 /* [CP] Check Pods Manifest.lock */ = {
			isa = PBXShellScriptBuildPhase;
			buildActionMask = 2147483647;
			files = (
			);
			inputFileListPaths = (
			);
			inputPaths = (
				"${PODS_PODFILE_DIR_PATH}/Podfile.lock",
				"${PODS_ROOT}/Manifest.lock",
			);
			name = "[CP] Check Pods Manifest.lock";
			outputFileListPaths = (
			);
			outputPaths = (
				"$(DERIVED_FILE_DIR)/Pods-challengeFinal-checkManifestLockResult.txt",
			);
			runOnlyForDeploymentPostprocessing = 0;
			shellPath = /bin/sh;
			shellScript = "diff \"${PODS_PODFILE_DIR_PATH}/Podfile.lock\" \"${PODS_ROOT}/Manifest.lock\" > /dev/null\nif [ $? != 0 ] ; then\n    # print error to STDERR\n    echo \"error: The sandbox is not in sync with the Podfile.lock. Run 'pod install' or update your CocoaPods installation.\" >&2\n    exit 1\nfi\n# This output is used by Xcode 'outputs' to avoid re-running this script phase.\necho \"SUCCESS\" > \"${SCRIPT_OUTPUT_FILE_0}\"\n";
			showEnvVarsInLog = 0;
		};
		ADDD9511FCB3EFC4947F5FA3 /* [CP] Embed Pods Frameworks */ = {
			isa = PBXShellScriptBuildPhase;
			buildActionMask = 2147483647;
			files = (
			);
			inputFileListPaths = (
				"${PODS_ROOT}/Target Support Files/Pods-challengeFinal-challengeFinalTests/Pods-challengeFinal-challengeFinalTests-frameworks-${CONFIGURATION}-input-files.xcfilelist",
			);
			name = "[CP] Embed Pods Frameworks";
			outputFileListPaths = (
				"${PODS_ROOT}/Target Support Files/Pods-challengeFinal-challengeFinalTests/Pods-challengeFinal-challengeFinalTests-frameworks-${CONFIGURATION}-output-files.xcfilelist",
			);
			runOnlyForDeploymentPostprocessing = 0;
			shellPath = /bin/sh;
			shellScript = "\"${PODS_ROOT}/Target Support Files/Pods-challengeFinal-challengeFinalTests/Pods-challengeFinal-challengeFinalTests-frameworks.sh\"\n";
			showEnvVarsInLog = 0;
		};
/* End PBXShellScriptBuildPhase section */

/* Begin PBXSourcesBuildPhase section */
		8D41F6832530932200A496C6 /* Sources */ = {
			isa = PBXSourcesBuildPhase;
			buildActionMask = 2147483647;
			files = (
				8D41F6BE253099B900A496C6 /* Coordinator.swift in Sources */,
				8D73A57225372B6400C5759E /* Game.swift in Sources */,
				8D73A56A2537286500C5759E /* StoryNode.swift in Sources */,
				8DEE2C7825374E1F006C187B /* StoryNodeManager.swift in Sources */,
				8D41F68F2530932300A496C6 /* ViewController.swift in Sources */,
				8D41F68B2530932300A496C6 /* AppDelegate.swift in Sources */,
				8D41F6C325309A1000A496C6 /* MainCoordinator.swift in Sources */,
				8D41F68D2530932300A496C6 /* SceneDelegate.swift in Sources */,
				DA35ED362535F3E30061606C /* ImageView.swift in Sources */,
				8D41F6CB25309C6700A496C6 /* Storyboarded.swift in Sources */,
			);
			runOnlyForDeploymentPostprocessing = 0;
		};
		8D41F6992530932500A496C6 /* Sources */ = {
			isa = PBXSourcesBuildPhase;
			buildActionMask = 2147483647;
			files = (
				DA35ED3D2535F3FF0061606C /* ImageViewTests.swift in Sources */,
				8DEE2C6F253746A3006C187B /* StoryNodesTest.swift in Sources */,
				DA35ED452535F48E0061606C /* MockView.swift in Sources */,
			);
			runOnlyForDeploymentPostprocessing = 0;
		};
/* End PBXSourcesBuildPhase section */

/* Begin PBXTargetDependency section */
		8D41F69F2530932500A496C6 /* PBXTargetDependency */ = {
			isa = PBXTargetDependency;
			target = 8D41F6862530932200A496C6 /* challengeFinal */;
			targetProxy = 8D41F69E2530932500A496C6 /* PBXContainerItemProxy */;
		};
/* End PBXTargetDependency section */

/* Begin PBXVariantGroup section */
		8D41F6902530932300A496C6 /* Main.storyboard */ = {
			isa = PBXVariantGroup;
			children = (
				8D41F6912530932300A496C6 /* Base */,
			);
			name = Main.storyboard;
			sourceTree = "<group>";
		};
		8D41F6952530932500A496C6 /* LaunchScreen.storyboard */ = {
			isa = PBXVariantGroup;
			children = (
				8D41F6962530932500A496C6 /* Base */,
			);
			name = LaunchScreen.storyboard;
			sourceTree = "<group>";
		};
/* End PBXVariantGroup section */

/* Begin XCBuildConfiguration section */
		8D41F6AF2530932500A496C6 /* Debug */ = {
			isa = XCBuildConfiguration;
			buildSettings = {
				ALWAYS_SEARCH_USER_PATHS = YES;
				CLANG_ANALYZER_NONNULL = YES;
				CLANG_ANALYZER_NUMBER_OBJECT_CONVERSION = YES_AGGRESSIVE;
				CLANG_CXX_LANGUAGE_STANDARD = "gnu++14";
				CLANG_CXX_LIBRARY = "libc++";
				CLANG_ENABLE_MODULES = YES;
				CLANG_ENABLE_OBJC_ARC = YES;
				CLANG_ENABLE_OBJC_WEAK = YES;
				CLANG_WARN_BLOCK_CAPTURE_AUTORELEASING = YES;
				CLANG_WARN_BOOL_CONVERSION = YES;
				CLANG_WARN_COMMA = YES;
				CLANG_WARN_CONSTANT_CONVERSION = YES;
				CLANG_WARN_DEPRECATED_OBJC_IMPLEMENTATIONS = YES;
				CLANG_WARN_DIRECT_OBJC_ISA_USAGE = YES_ERROR;
				CLANG_WARN_DOCUMENTATION_COMMENTS = YES;
				CLANG_WARN_EMPTY_BODY = YES;
				CLANG_WARN_ENUM_CONVERSION = YES;
				CLANG_WARN_INFINITE_RECURSION = YES;
				CLANG_WARN_INT_CONVERSION = YES;
				CLANG_WARN_NON_LITERAL_NULL_CONVERSION = YES;
				CLANG_WARN_OBJC_IMPLICIT_RETAIN_SELF = YES;
				CLANG_WARN_OBJC_LITERAL_CONVERSION = YES;
				CLANG_WARN_OBJC_ROOT_CLASS = YES_ERROR;
				CLANG_WARN_QUOTED_INCLUDE_IN_FRAMEWORK_HEADER = YES;
				CLANG_WARN_RANGE_LOOP_ANALYSIS = YES;
				CLANG_WARN_STRICT_PROTOTYPES = YES;
				CLANG_WARN_SUSPICIOUS_MOVE = YES;
				CLANG_WARN_UNGUARDED_AVAILABILITY = YES_AGGRESSIVE;
				CLANG_WARN_UNREACHABLE_CODE = YES;
				CLANG_WARN__DUPLICATE_METHOD_MATCH = YES;
				COPY_PHASE_STRIP = NO;
				DEBUG_INFORMATION_FORMAT = dwarf;
				ENABLE_STRICT_OBJC_MSGSEND = YES;
				ENABLE_TESTABILITY = YES;
				GCC_C_LANGUAGE_STANDARD = gnu11;
				GCC_DYNAMIC_NO_PIC = NO;
				GCC_NO_COMMON_BLOCKS = YES;
				GCC_OPTIMIZATION_LEVEL = 0;
				GCC_PREPROCESSOR_DEFINITIONS = (
					"DEBUG=1",
					"$(inherited)",
				);
				GCC_WARN_64_TO_32_BIT_CONVERSION = YES;
				GCC_WARN_ABOUT_RETURN_TYPE = YES_ERROR;
				GCC_WARN_UNDECLARED_SELECTOR = YES;
				GCC_WARN_UNINITIALIZED_AUTOS = YES_AGGRESSIVE;
				GCC_WARN_UNUSED_FUNCTION = YES;
				GCC_WARN_UNUSED_VARIABLE = YES;
				IPHONEOS_DEPLOYMENT_TARGET = 14.0;
				MTL_ENABLE_DEBUG_INFO = INCLUDE_SOURCE;
				MTL_FAST_MATH = YES;
				ONLY_ACTIVE_ARCH = YES;
				SDKROOT = iphoneos;
				SWIFT_ACTIVE_COMPILATION_CONDITIONS = DEBUG;
				SWIFT_OPTIMIZATION_LEVEL = "-Onone";
			};
			name = Debug;
		};
		8D41F6B02530932500A496C6 /* Release */ = {
			isa = XCBuildConfiguration;
			buildSettings = {
				ALWAYS_SEARCH_USER_PATHS = YES;
				CLANG_ANALYZER_NONNULL = YES;
				CLANG_ANALYZER_NUMBER_OBJECT_CONVERSION = YES_AGGRESSIVE;
				CLANG_CXX_LANGUAGE_STANDARD = "gnu++14";
				CLANG_CXX_LIBRARY = "libc++";
				CLANG_ENABLE_MODULES = YES;
				CLANG_ENABLE_OBJC_ARC = YES;
				CLANG_ENABLE_OBJC_WEAK = YES;
				CLANG_WARN_BLOCK_CAPTURE_AUTORELEASING = YES;
				CLANG_WARN_BOOL_CONVERSION = YES;
				CLANG_WARN_COMMA = YES;
				CLANG_WARN_CONSTANT_CONVERSION = YES;
				CLANG_WARN_DEPRECATED_OBJC_IMPLEMENTATIONS = YES;
				CLANG_WARN_DIRECT_OBJC_ISA_USAGE = YES_ERROR;
				CLANG_WARN_DOCUMENTATION_COMMENTS = YES;
				CLANG_WARN_EMPTY_BODY = YES;
				CLANG_WARN_ENUM_CONVERSION = YES;
				CLANG_WARN_INFINITE_RECURSION = YES;
				CLANG_WARN_INT_CONVERSION = YES;
				CLANG_WARN_NON_LITERAL_NULL_CONVERSION = YES;
				CLANG_WARN_OBJC_IMPLICIT_RETAIN_SELF = YES;
				CLANG_WARN_OBJC_LITERAL_CONVERSION = YES;
				CLANG_WARN_OBJC_ROOT_CLASS = YES_ERROR;
				CLANG_WARN_QUOTED_INCLUDE_IN_FRAMEWORK_HEADER = YES;
				CLANG_WARN_RANGE_LOOP_ANALYSIS = YES;
				CLANG_WARN_STRICT_PROTOTYPES = YES;
				CLANG_WARN_SUSPICIOUS_MOVE = YES;
				CLANG_WARN_UNGUARDED_AVAILABILITY = YES_AGGRESSIVE;
				CLANG_WARN_UNREACHABLE_CODE = YES;
				CLANG_WARN__DUPLICATE_METHOD_MATCH = YES;
				COPY_PHASE_STRIP = NO;
				DEBUG_INFORMATION_FORMAT = "dwarf-with-dsym";
				ENABLE_NS_ASSERTIONS = NO;
				ENABLE_STRICT_OBJC_MSGSEND = YES;
				GCC_C_LANGUAGE_STANDARD = gnu11;
				GCC_NO_COMMON_BLOCKS = YES;
				GCC_WARN_64_TO_32_BIT_CONVERSION = YES;
				GCC_WARN_ABOUT_RETURN_TYPE = YES_ERROR;
				GCC_WARN_UNDECLARED_SELECTOR = YES;
				GCC_WARN_UNINITIALIZED_AUTOS = YES_AGGRESSIVE;
				GCC_WARN_UNUSED_FUNCTION = YES;
				GCC_WARN_UNUSED_VARIABLE = YES;
				IPHONEOS_DEPLOYMENT_TARGET = 14.0;
				MTL_ENABLE_DEBUG_INFO = NO;
				MTL_FAST_MATH = YES;
				SDKROOT = iphoneos;
				SWIFT_COMPILATION_MODE = wholemodule;
				SWIFT_OPTIMIZATION_LEVEL = "-O";
				VALIDATE_PRODUCT = YES;
			};
			name = Release;
		};
		8D41F6B22530932500A496C6 /* Debug */ = {
			isa = XCBuildConfiguration;
			baseConfigurationReference = B3C65AD70148E9DF28692587 /* Pods-challengeFinal.debug.xcconfig */;
			buildSettings = {
				ASSETCATALOG_COMPILER_APPICON_NAME = AppIcon;
				ASSETCATALOG_COMPILER_GLOBAL_ACCENT_COLOR_NAME = AccentColor;
				CODE_SIGN_STYLE = Automatic;
				DEVELOPMENT_TEAM = HHRZ35A37Y;
				INFOPLIST_FILE = challengeFinal/Info.plist;
				IPHONEOS_DEPLOYMENT_TARGET = 13.0;
				LD_RUNPATH_SEARCH_PATHS = (
					"$(inherited)",
					"@executable_path/Frameworks",
				);
				PRODUCT_BUNDLE_IDENTIFIER = aue.challengeFinal;
				PRODUCT_NAME = "$(TARGET_NAME)";
				SWIFT_VERSION = 5.0;
				TARGETED_DEVICE_FAMILY = "1,2";
			};
			name = Debug;
		};
		8D41F6B32530932500A496C6 /* Release */ = {
			isa = XCBuildConfiguration;
			baseConfigurationReference = 77B9F2E37B837715B6F04743 /* Pods-challengeFinal.release.xcconfig */;
			buildSettings = {
				ASSETCATALOG_COMPILER_APPICON_NAME = AppIcon;
				ASSETCATALOG_COMPILER_GLOBAL_ACCENT_COLOR_NAME = AccentColor;
				CODE_SIGN_STYLE = Automatic;
				DEVELOPMENT_TEAM = HHRZ35A37Y;
				INFOPLIST_FILE = challengeFinal/Info.plist;
				IPHONEOS_DEPLOYMENT_TARGET = 13.0;
				LD_RUNPATH_SEARCH_PATHS = (
					"$(inherited)",
					"@executable_path/Frameworks",
				);
				PRODUCT_BUNDLE_IDENTIFIER = aue.challengeFinal;
				PRODUCT_NAME = "$(TARGET_NAME)";
				SWIFT_VERSION = 5.0;
				TARGETED_DEVICE_FAMILY = "1,2";
			};
			name = Release;
		};
		8D41F6B52530932500A496C6 /* Debug */ = {
			isa = XCBuildConfiguration;
			baseConfigurationReference = AD27566663346DD3881AC3C2 /* Pods-challengeFinal-challengeFinalTests.debug.xcconfig */;
			buildSettings = {
				ALWAYS_EMBED_SWIFT_STANDARD_LIBRARIES = YES;
				BUNDLE_LOADER = "$(TEST_HOST)";
				CODE_SIGN_STYLE = Automatic;
				DEVELOPMENT_TEAM = HHRZ35A37Y;
				INFOPLIST_FILE = challengeFinalTests/Info.plist;
				IPHONEOS_DEPLOYMENT_TARGET = 14.0;
				LD_RUNPATH_SEARCH_PATHS = (
					"$(inherited)",
					"@executable_path/Frameworks",
					"@loader_path/Frameworks",
				);
				PRODUCT_BUNDLE_IDENTIFIER = aue.challengeFinalTests;
				PRODUCT_NAME = "$(TARGET_NAME)";
				SWIFT_VERSION = 5.0;
				TARGETED_DEVICE_FAMILY = "1,2";
				TEST_HOST = "$(BUILT_PRODUCTS_DIR)/challengeFinal.app/challengeFinal";
			};
			name = Debug;
		};
		8D41F6B62530932500A496C6 /* Release */ = {
			isa = XCBuildConfiguration;
			baseConfigurationReference = 051B5C72F68970D599E310E1 /* Pods-challengeFinal-challengeFinalTests.release.xcconfig */;
			buildSettings = {
				ALWAYS_EMBED_SWIFT_STANDARD_LIBRARIES = YES;
				BUNDLE_LOADER = "$(TEST_HOST)";
				CODE_SIGN_STYLE = Automatic;
				DEVELOPMENT_TEAM = HHRZ35A37Y;
				INFOPLIST_FILE = challengeFinalTests/Info.plist;
				IPHONEOS_DEPLOYMENT_TARGET = 14.0;
				LD_RUNPATH_SEARCH_PATHS = (
					"$(inherited)",
					"@executable_path/Frameworks",
					"@loader_path/Frameworks",
				);
				PRODUCT_BUNDLE_IDENTIFIER = aue.challengeFinalTests;
				PRODUCT_NAME = "$(TARGET_NAME)";
				SWIFT_VERSION = 5.0;
				TARGETED_DEVICE_FAMILY = "1,2";
				TEST_HOST = "$(BUILT_PRODUCTS_DIR)/challengeFinal.app/challengeFinal";
			};
			name = Release;
		};
/* End XCBuildConfiguration section */

/* Begin XCConfigurationList section */
		8D41F6822530932200A496C6 /* Build configuration list for PBXProject "challengeFinal" */ = {
			isa = XCConfigurationList;
			buildConfigurations = (
				8D41F6AF2530932500A496C6 /* Debug */,
				8D41F6B02530932500A496C6 /* Release */,
			);
			defaultConfigurationIsVisible = 0;
			defaultConfigurationName = Release;
		};
		8D41F6B12530932500A496C6 /* Build configuration list for PBXNativeTarget "challengeFinal" */ = {
			isa = XCConfigurationList;
			buildConfigurations = (
				8D41F6B22530932500A496C6 /* Debug */,
				8D41F6B32530932500A496C6 /* Release */,
			);
			defaultConfigurationIsVisible = 0;
			defaultConfigurationName = Release;
		};
		8D41F6B42530932500A496C6 /* Build configuration list for PBXNativeTarget "challengeFinalTests" */ = {
			isa = XCConfigurationList;
			buildConfigurations = (
				8D41F6B52530932500A496C6 /* Debug */,
				8D41F6B62530932500A496C6 /* Release */,
			);
			defaultConfigurationIsVisible = 0;
			defaultConfigurationName = Release;
		};
/* End XCConfigurationList section */
	};
	rootObject = 8D41F67F2530932200A496C6 /* Project object */;
}
