// !$*UTF8*$!
{
	archiveVersion = 1;
	classes = {
	};
	objectVersion = 51;
	objects = {

/* Begin PBXBuildFile section */
		70D9ACFB3037CB3506CB401C /* Pods_challengeFinal_challengeFinalTests.framework in Frameworks */ = {isa = PBXBuildFile; fileRef = 4DA9293BB9AD97035E577805 /* Pods_challengeFinal_challengeFinalTests.framework */; };
		8D04D60A25430ECE00E1F9F7 /* StoryViewModelDelegate.swift in Sources */ = {isa = PBXBuildFile; fileRef = 8D4FF5E8254303E500FBF110 /* StoryViewModelDelegate.swift */; };
		8D41F68B2530932300A496C6 /* AppDelegate.swift in Sources */ = {isa = PBXBuildFile; fileRef = 8D41F68A2530932300A496C6 /* AppDelegate.swift */; };
		8D41F68F2530932300A496C6 /* MenuViewController.swift in Sources */ = {isa = PBXBuildFile; fileRef = 8D41F68E2530932300A496C6 /* MenuViewController.swift */; };
		8D41F6922530932300A496C6 /* Menu.storyboard in Resources */ = {isa = PBXBuildFile; fileRef = 8D41F6902530932300A496C6 /* Menu.storyboard */; };
		8D41F6942530932500A496C6 /* Assets.xcassets in Resources */ = {isa = PBXBuildFile; fileRef = 8D41F6932530932500A496C6 /* Assets.xcassets */; };
		8D41F6972530932500A496C6 /* LaunchScreen.storyboard in Resources */ = {isa = PBXBuildFile; fileRef = 8D41F6952530932500A496C6 /* LaunchScreen.storyboard */; };
		8D41F6BE253099B900A496C6 /* Coordinator.swift in Sources */ = {isa = PBXBuildFile; fileRef = 8D41F6BD253099B900A496C6 /* Coordinator.swift */; };
		8D41F6C325309A1000A496C6 /* MenuCoordinator.swift in Sources */ = {isa = PBXBuildFile; fileRef = 8D41F6C225309A1000A496C6 /* MenuCoordinator.swift */; };
		8D41F6CB25309C6700A496C6 /* Storyboarded.swift in Sources */ = {isa = PBXBuildFile; fileRef = 8D41F6CA25309C6700A496C6 /* Storyboarded.swift */; };
		8D9E826A2549F391005FDC37 /* GameColors.swift in Sources */ = {isa = PBXBuildFile; fileRef = 8D9E82692549F391005FDC37 /* GameColors.swift */; };
		8D9E826E2549F80F005FDC37 /* TransparentButton.swift in Sources */ = {isa = PBXBuildFile; fileRef = 8D9E826D2549F80F005FDC37 /* TransparentButton.swift */; };
		8D9E827E2549FA02005FDC37 /* GoToDecisionButtonTests.swift in Sources */ = {isa = PBXBuildFile; fileRef = 8D9E827D2549FA02005FDC37 /* GoToDecisionButtonTests.swift */; };
		8D9E8286254A002B005FDC37 /* HUDView.swift in Sources */ = {isa = PBXBuildFile; fileRef = 8D9E8285254A002B005FDC37 /* HUDView.swift */; };
		8D9E828D254A00D4005FDC37 /* HUDViewTests.swift in Sources */ = {isa = PBXBuildFile; fileRef = 8D9E828C254A00D4005FDC37 /* HUDViewTests.swift */; };
		8DAAC8CC2554CCDC00DC08BF /* CreditsCoordinator.swift in Sources */ = {isa = PBXBuildFile; fileRef = 8DB74E462554BF7C003D4A99 /* CreditsCoordinator.swift */; };
		8DAAC8CF2554CCE100DC08BF /* CreditsViewController.swift in Sources */ = {isa = PBXBuildFile; fileRef = 8DB74E522554C278003D4A99 /* CreditsViewController.swift */; };
		8DAAC8D22554CCE400DC08BF /* CreditsViewContainer.swift in Sources */ = {isa = PBXBuildFile; fileRef = 8DB74E532554C279003D4A99 /* CreditsViewContainer.swift */; };
		8DAAC8D52554CCEA00DC08BF /* Credits.storyboard in Resources */ = {isa = PBXBuildFile; fileRef = 8DB74E542554C279003D4A99 /* Credits.storyboard */; };
		8DAAC8D82554CCFF00DC08BF /* CreditsViewModel.swift in Sources */ = {isa = PBXBuildFile; fileRef = 8DB74E512554C278003D4A99 /* CreditsViewModel.swift */; };
		8DAAC8DD2554CEC000DC08BF /* CreditsView.swift in Sources */ = {isa = PBXBuildFile; fileRef = 8DAAC8DB2554CEA300DC08BF /* CreditsView.swift */; };
		8DD3F5B82541D60500FDA5B4 /* PauseButton.swift in Sources */ = {isa = PBXBuildFile; fileRef = 8DD3F5B72541D60500FDA5B4 /* PauseButton.swift */; };
		8DD3F5BE2541D6D800FDA5B4 /* PauseButtonTests.swift in Sources */ = {isa = PBXBuildFile; fileRef = 8DD3F5BD2541D6D800FDA5B4 /* PauseButtonTests.swift */; };
		8DEE2C6F253746A3006C187B /* StoryNodesTest.swift in Sources */ = {isa = PBXBuildFile; fileRef = 8DEE2C6E253746A3006C187B /* StoryNodesTest.swift */; };
		B08D4A095391882B7B2C3C17 /* Pods_challengeFinal.framework in Frameworks */ = {isa = PBXBuildFile; fileRef = 44548E80E7D0A3A976B144A5 /* Pods_challengeFinal.framework */; };
		C509BE0925504D2D00B37CFF /* HUDViewDelegate.swift in Sources */ = {isa = PBXBuildFile; fileRef = C509BE0825504D2D00B37CFF /* HUDViewDelegate.swift */; };
		C50FD4AF2544BF0B00B9D2CA /* PlayerDataServicesTests.swift in Sources */ = {isa = PBXBuildFile; fileRef = C50FD4AE2544BF0B00B9D2CA /* PlayerDataServicesTests.swift */; };
		C557D39C2547854D00A537F3 /* PlayerService.swift in Sources */ = {isa = PBXBuildFile; fileRef = C557D39B2547854D00A537F3 /* PlayerService.swift */; };
		C56B280A2543892A004391BA /* PlayerDataService.swift in Sources */ = {isa = PBXBuildFile; fileRef = C56B28092543892A004391BA /* PlayerDataService.swift */; };
		C593DEDB2542580100345F1B /* Player.swift in Sources */ = {isa = PBXBuildFile; fileRef = C593DEDA2542580100345F1B /* Player.swift */; };
		C5DFEB30254A3D3B00EAF4AA /* PointsView.swift in Sources */ = {isa = PBXBuildFile; fileRef = C5DFEB2F254A3D3B00EAF4AA /* PointsView.swift */; };
		C5DFEB34254A3D4700EAF4AA /* UIILabel+Animation.swift in Sources */ = {isa = PBXBuildFile; fileRef = C5DFEB33254A3D4700EAF4AA /* UIILabel+Animation.swift */; };
		C5DFEB38254A3D8800EAF4AA /* ViewCodable.swift in Sources */ = {isa = PBXBuildFile; fileRef = C5DFEB37254A3D8800EAF4AA /* ViewCodable.swift */; };
		C5DFEB3C254A3DB400EAF4AA /* UIView+Extension.swift in Sources */ = {isa = PBXBuildFile; fileRef = C5DFEB3B254A3DB400EAF4AA /* UIView+Extension.swift */; };
		DA0A71E92539E360002BAB51 /* StoryNodesService.swift in Sources */ = {isa = PBXBuildFile; fileRef = DA0A71E52539E360002BAB51 /* StoryNodesService.swift */; };
		DA0A71EA2539E360002BAB51 /* StoryNode.swift in Sources */ = {isa = PBXBuildFile; fileRef = DA0A71E72539E360002BAB51 /* StoryNode.swift */; };
		DA0A71EB2539E360002BAB51 /* Story.swift in Sources */ = {isa = PBXBuildFile; fileRef = DA0A71E82539E360002BAB51 /* Story.swift */; };
		DA0A71EF2539E379002BAB51 /* StoryNodes.json in Resources */ = {isa = PBXBuildFile; fileRef = DA0A71EE2539E379002BAB51 /* StoryNodes.json */; };
		DA1EB881255423C900D53030 /* MenuView.swift in Sources */ = {isa = PBXBuildFile; fileRef = DA1EB880255423C900D53030 /* MenuView.swift */; };
		DA1EB88725542C2200D53030 /* MenuViewTests.swift in Sources */ = {isa = PBXBuildFile; fileRef = DA1EB88625542C2200D53030 /* MenuViewTests.swift */; };
		DA1EB890255434B600D53030 /* MenuViewModel.swift in Sources */ = {isa = PBXBuildFile; fileRef = DA1EB88F255434B600D53030 /* MenuViewModel.swift */; };
		DA1EB8962554358E00D53030 /* MenuViewContainer.swift in Sources */ = {isa = PBXBuildFile; fileRef = DA1EB8952554358E00D53030 /* MenuViewContainer.swift */; };
		DA1F092B2546EBD6008A5775 /* ChoiceView.swift in Sources */ = {isa = PBXBuildFile; fileRef = DA1F092A2546EBD6008A5775 /* ChoiceView.swift */; };
		DA1F09312546EE2F008A5775 /* ChoiceViewInfos.swift in Sources */ = {isa = PBXBuildFile; fileRef = DA1F09302546EE2F008A5775 /* ChoiceViewInfos.swift */; };
		DA1F09352546F424008A5775 /* DynamicTypes.swift in Sources */ = {isa = PBXBuildFile; fileRef = DA1F09342546F424008A5775 /* DynamicTypes.swift */; };
		DA1F09392546F7E5008A5775 /* ChoiceViewTests.swift in Sources */ = {isa = PBXBuildFile; fileRef = DA1F09382546F7E5008A5775 /* ChoiceViewTests.swift */; };
		DA1F0947254716A2008A5775 /* ChoiceViewController.swift in Sources */ = {isa = PBXBuildFile; fileRef = DA1F0946254716A2008A5775 /* ChoiceViewController.swift */; };
		DA1F094B254716B1008A5775 /* Choice.storyboard in Resources */ = {isa = PBXBuildFile; fileRef = DA1F094A254716B1008A5775 /* Choice.storyboard */; };
		DA1F0950254716E1008A5775 /* ChoiceViewContainer.swift in Sources */ = {isa = PBXBuildFile; fileRef = DA1F094F254716E1008A5775 /* ChoiceViewContainer.swift */; };
		DA1F095425471701008A5775 /* ChoiceCoordinator.swift in Sources */ = {isa = PBXBuildFile; fileRef = DA1F095325471701008A5775 /* ChoiceCoordinator.swift */; };
		DA1F095825471780008A5775 /* ChoiceViewModel.swift in Sources */ = {isa = PBXBuildFile; fileRef = DA1F095725471780008A5775 /* ChoiceViewModel.swift */; };
		DA1F095C254717D2008A5775 /* ChoiceViewModelDelegate.swift in Sources */ = {isa = PBXBuildFile; fileRef = DA1F095B254717D2008A5775 /* ChoiceViewModelDelegate.swift */; };
		DA35ED362535F3E30061606C /* ImageView.swift in Sources */ = {isa = PBXBuildFile; fileRef = DA35ED352535F3E30061606C /* ImageView.swift */; };
		DA35ED3D2535F3FF0061606C /* ImageViewTests.swift in Sources */ = {isa = PBXBuildFile; fileRef = DA35ED3C2535F3FF0061606C /* ImageViewTests.swift */; };
		DA35ED452535F48E0061606C /* MockView.swift in Sources */ = {isa = PBXBuildFile; fileRef = DA35ED442535F48E0061606C /* MockView.swift */; };
		DA3E12AA25386BAA00C48AF8 /* StoryViewModel.swift in Sources */ = {isa = PBXBuildFile; fileRef = DA3E12A925386BAA00C48AF8 /* StoryViewModel.swift */; };
		DA3E12B025387A5E00C48AF8 /* PrimaryButtonTests.swift in Sources */ = {isa = PBXBuildFile; fileRef = DA3E12AF25387A5E00C48AF8 /* PrimaryButtonTests.swift */; };
		DA4A12C325405D2A00504E20 /* ChapterinitLabelView.swift in Sources */ = {isa = PBXBuildFile; fileRef = DA4A12C225405D2A00504E20 /* ChapterinitLabelView.swift */; };
		DA5972E8253725DB00D6EF40 /* StoryCoordinator.swift in Sources */ = {isa = PBXBuildFile; fileRef = DA5972E7253725DB00D6EF40 /* StoryCoordinator.swift */; };
		DA5972EC253725F000D6EF40 /* Story.storyboard in Resources */ = {isa = PBXBuildFile; fileRef = DA5972EB253725F000D6EF40 /* Story.storyboard */; };
		DA5972F02537261500D6EF40 /* StoryViewController.swift in Sources */ = {isa = PBXBuildFile; fileRef = DA5972EF2537261500D6EF40 /* StoryViewController.swift */; };
		DA5972F42537278900D6EF40 /* PrimaryButton.swift in Sources */ = {isa = PBXBuildFile; fileRef = DA5972F32537278900D6EF40 /* PrimaryButton.swift */; };
		DA5972F82537286500D6EF40 /* StoryView.swift in Sources */ = {isa = PBXBuildFile; fileRef = DA5972F72537286500D6EF40 /* StoryView.swift */; };
		DA789A92254312E9001CE5BF /* UIFont.swift in Sources */ = {isa = PBXBuildFile; fileRef = DA789A91254312E9001CE5BF /* UIFont.swift */; };
		DA789A9F25431502001CE5BF /* ChoiceButtonView.swift in Sources */ = {isa = PBXBuildFile; fileRef = DA789A9E25431502001CE5BF /* ChoiceButtonView.swift */; };
		DA789AA725431B06001CE5BF /* ChoiceButtonTests.swift in Sources */ = {isa = PBXBuildFile; fileRef = DA789AA625431B06001CE5BF /* ChoiceButtonTests.swift */; };
		DA88FF702537411500AF0992 /* RegularTextViewInfos.swift in Sources */ = {isa = PBXBuildFile; fileRef = DA88FF6F2537411500AF0992 /* RegularTextViewInfos.swift */; };
		DA8E87252541AF93000D481B /* ChapterView.swift in Sources */ = {isa = PBXBuildFile; fileRef = DA8E87242541AF93000D481B /* ChapterView.swift */; };
		DA8E872B2541B184000D481B /* ChapterViewTests.swift in Sources */ = {isa = PBXBuildFile; fileRef = DA8E872A2541B184000D481B /* ChapterViewTests.swift */; };
		DA8E87362541BB2D000D481B /* Chapter.storyboard in Resources */ = {isa = PBXBuildFile; fileRef = DA8E87352541BB2D000D481B /* Chapter.storyboard */; };
		DA8E873A2541BB64000D481B /* ChapterViewController.swift in Sources */ = {isa = PBXBuildFile; fileRef = DA8E87392541BB64000D481B /* ChapterViewController.swift */; };
		DA8E873E2541BEA9000D481B /* ChapterViewContainer.swift in Sources */ = {isa = PBXBuildFile; fileRef = DA8E873D2541BEA9000D481B /* ChapterViewContainer.swift */; };
		DA8E87422541BF4F000D481B /* ChapterViewModel.swift in Sources */ = {isa = PBXBuildFile; fileRef = DA8E87412541BF4F000D481B /* ChapterViewModel.swift */; };
		DA8E87482541C194000D481B /* ChapterViewModelDelegate.swift in Sources */ = {isa = PBXBuildFile; fileRef = DA8E87472541C194000D481B /* ChapterViewModelDelegate.swift */; };
		DA8E874C2541C1FD000D481B /* ChapterCoordinator.swift in Sources */ = {isa = PBXBuildFile; fileRef = DA8E874B2541C1FD000D481B /* ChapterCoordinator.swift */; };
		DAC23A312537329D00D57C43 /* RegularTextView.swift in Sources */ = {isa = PBXBuildFile; fileRef = DAC23A302537329D00D57C43 /* RegularTextView.swift */; };
		DAC23A37253733D100D57C43 /* RegularTextViewTests.swift in Sources */ = {isa = PBXBuildFile; fileRef = DAC23A36253733D100D57C43 /* RegularTextViewTests.swift */; };
		DAC55E08254081B5006E1845 /* ChapterinitLabelTests.swift in Sources */ = {isa = PBXBuildFile; fileRef = DAC55E07254081B5006E1845 /* ChapterinitLabelTests.swift */; };
		DAC5C08C2549A97D003ED60F /* MainCoordinator.swift in Sources */ = {isa = PBXBuildFile; fileRef = DAC5C08B2549A97D003ED60F /* MainCoordinator.swift */; };
		DAD346422542F3EE00225BAF /* DynamicButtonView.swift in Sources */ = {isa = PBXBuildFile; fileRef = DAD346412542F3EE00225BAF /* DynamicButtonView.swift */; };
		DAD346462542F70900225BAF /* DynamicButtonTests.swift in Sources */ = {isa = PBXBuildFile; fileRef = DAD346452542F70900225BAF /* DynamicButtonTests.swift */; };
		DADC40C025403F7900078CA3 /* StoryNodeRepository.swift in Sources */ = {isa = PBXBuildFile; fileRef = DADC40BF25403F7900078CA3 /* StoryNodeRepository.swift */; };
/* End PBXBuildFile section */

/* Begin PBXContainerItemProxy section */
		8D41F69E2530932500A496C6 /* PBXContainerItemProxy */ = {
			isa = PBXContainerItemProxy;
			containerPortal = 8D41F67F2530932200A496C6 /* Project object */;
			proxyType = 1;
			remoteGlobalIDString = 8D41F6862530932200A496C6;
			remoteInfo = challengeFinal;
		};
/* End PBXContainerItemProxy section */

/* Begin PBXFileReference section */
		051B5C72F68970D599E310E1 /* Pods-challengeFinal-challengeFinalTests.release.xcconfig */ = {isa = PBXFileReference; includeInIndex = 1; lastKnownFileType = text.xcconfig; name = "Pods-challengeFinal-challengeFinalTests.release.xcconfig"; path = "Target Support Files/Pods-challengeFinal-challengeFinalTests/Pods-challengeFinal-challengeFinalTests.release.xcconfig"; sourceTree = "<group>"; };
		06541E4086D503AA0D506763 /* Pods-challengeFinal.debug.xcconfig */ = {isa = PBXFileReference; includeInIndex = 1; lastKnownFileType = text.xcconfig; name = "Pods-challengeFinal.debug.xcconfig"; path = "Target Support Files/Pods-challengeFinal/Pods-challengeFinal.debug.xcconfig"; sourceTree = "<group>"; };
		44548E80E7D0A3A976B144A5 /* Pods_challengeFinal.framework */ = {isa = PBXFileReference; explicitFileType = wrapper.framework; includeInIndex = 0; path = Pods_challengeFinal.framework; sourceTree = BUILT_PRODUCTS_DIR; };
		4DA9293BB9AD97035E577805 /* Pods_challengeFinal_challengeFinalTests.framework */ = {isa = PBXFileReference; explicitFileType = wrapper.framework; includeInIndex = 0; path = Pods_challengeFinal_challengeFinalTests.framework; sourceTree = BUILT_PRODUCTS_DIR; };
		77B9F2E37B837715B6F04743 /* Pods-challengeFinal.release.xcconfig */ = {isa = PBXFileReference; includeInIndex = 1; lastKnownFileType = text.xcconfig; name = "Pods-challengeFinal.release.xcconfig"; path = "Target Support Files/Pods-challengeFinal/Pods-challengeFinal.release.xcconfig"; sourceTree = "<group>"; };
		7EC7DA82237EAE10FBC69ACD /* Pods_challengeFinal_challengeFinalUITests.framework */ = {isa = PBXFileReference; explicitFileType = wrapper.framework; includeInIndex = 0; path = Pods_challengeFinal_challengeFinalUITests.framework; sourceTree = BUILT_PRODUCTS_DIR; };
		8D41F6872530932300A496C6 /* challengeFinal.app */ = {isa = PBXFileReference; explicitFileType = wrapper.application; includeInIndex = 0; path = challengeFinal.app; sourceTree = BUILT_PRODUCTS_DIR; };
		8D41F68A2530932300A496C6 /* AppDelegate.swift */ = {isa = PBXFileReference; lastKnownFileType = sourcecode.swift; path = AppDelegate.swift; sourceTree = "<group>"; };
		8D41F68E2530932300A496C6 /* MenuViewController.swift */ = {isa = PBXFileReference; lastKnownFileType = sourcecode.swift; path = MenuViewController.swift; sourceTree = "<group>"; };
		8D41F6912530932300A496C6 /* Base */ = {isa = PBXFileReference; lastKnownFileType = file.storyboard; name = Base; path = Base.lproj/Menu.storyboard; sourceTree = "<group>"; };
		8D41F6932530932500A496C6 /* Assets.xcassets */ = {isa = PBXFileReference; lastKnownFileType = folder.assetcatalog; path = Assets.xcassets; sourceTree = "<group>"; };
		8D41F6962530932500A496C6 /* Base */ = {isa = PBXFileReference; lastKnownFileType = file.storyboard; name = Base; path = Base.lproj/LaunchScreen.storyboard; sourceTree = "<group>"; };
		8D41F6982530932500A496C6 /* Info.plist */ = {isa = PBXFileReference; lastKnownFileType = text.plist.xml; path = Info.plist; sourceTree = "<group>"; };
		8D41F69D2530932500A496C6 /* challengeFinalTests.xctest */ = {isa = PBXFileReference; explicitFileType = wrapper.cfbundle; includeInIndex = 0; path = challengeFinalTests.xctest; sourceTree = BUILT_PRODUCTS_DIR; };
		8D41F6A32530932500A496C6 /* Info.plist */ = {isa = PBXFileReference; lastKnownFileType = text.plist.xml; path = Info.plist; sourceTree = "<group>"; };
		8D41F6BD253099B900A496C6 /* Coordinator.swift */ = {isa = PBXFileReference; lastKnownFileType = sourcecode.swift; path = Coordinator.swift; sourceTree = "<group>"; };
		8D41F6C225309A1000A496C6 /* MenuCoordinator.swift */ = {isa = PBXFileReference; lastKnownFileType = sourcecode.swift; path = MenuCoordinator.swift; sourceTree = "<group>"; };
		8D41F6CA25309C6700A496C6 /* Storyboarded.swift */ = {isa = PBXFileReference; lastKnownFileType = sourcecode.swift; path = Storyboarded.swift; sourceTree = "<group>"; };
		8D4FF5E8254303E500FBF110 /* StoryViewModelDelegate.swift */ = {isa = PBXFileReference; fileEncoding = 4; lastKnownFileType = sourcecode.swift; path = StoryViewModelDelegate.swift; sourceTree = "<group>"; };
		8D9E82692549F391005FDC37 /* GameColors.swift */ = {isa = PBXFileReference; lastKnownFileType = sourcecode.swift; path = GameColors.swift; sourceTree = "<group>"; };
		8D9E826D2549F80F005FDC37 /* TransparentButton.swift */ = {isa = PBXFileReference; lastKnownFileType = sourcecode.swift; path = TransparentButton.swift; sourceTree = "<group>"; };
		8D9E827D2549FA02005FDC37 /* GoToDecisionButtonTests.swift */ = {isa = PBXFileReference; lastKnownFileType = sourcecode.swift; path = GoToDecisionButtonTests.swift; sourceTree = "<group>"; };
		8D9E8285254A002B005FDC37 /* HUDView.swift */ = {isa = PBXFileReference; lastKnownFileType = sourcecode.swift; path = HUDView.swift; sourceTree = "<group>"; };
		8D9E828C254A00D4005FDC37 /* HUDViewTests.swift */ = {isa = PBXFileReference; lastKnownFileType = sourcecode.swift; path = HUDViewTests.swift; sourceTree = "<group>"; };
		8DAAC8DB2554CEA300DC08BF /* CreditsView.swift */ = {isa = PBXFileReference; lastKnownFileType = sourcecode.swift; path = CreditsView.swift; sourceTree = "<group>"; };
		8DB74E462554BF7C003D4A99 /* CreditsCoordinator.swift */ = {isa = PBXFileReference; lastKnownFileType = sourcecode.swift; path = CreditsCoordinator.swift; sourceTree = "<group>"; };
		8DB74E512554C278003D4A99 /* CreditsViewModel.swift */ = {isa = PBXFileReference; lastKnownFileType = sourcecode.swift; path = CreditsViewModel.swift; sourceTree = "<group>"; };
		8DB74E522554C278003D4A99 /* CreditsViewController.swift */ = {isa = PBXFileReference; lastKnownFileType = sourcecode.swift; path = CreditsViewController.swift; sourceTree = "<group>"; };
		8DB74E532554C279003D4A99 /* CreditsViewContainer.swift */ = {isa = PBXFileReference; lastKnownFileType = sourcecode.swift; path = CreditsViewContainer.swift; sourceTree = "<group>"; };
		8DB74E552554C279003D4A99 /* Base */ = {isa = PBXFileReference; lastKnownFileType = file.storyboard; name = Base; path = Base.lproj/Credits.storyboard; sourceTree = "<group>"; };
		8DD3F5B72541D60500FDA5B4 /* PauseButton.swift */ = {isa = PBXFileReference; lastKnownFileType = sourcecode.swift; path = PauseButton.swift; sourceTree = "<group>"; };
		8DD3F5BD2541D6D800FDA5B4 /* PauseButtonTests.swift */ = {isa = PBXFileReference; lastKnownFileType = sourcecode.swift; path = PauseButtonTests.swift; sourceTree = "<group>"; };
		8DEE2C6E253746A3006C187B /* StoryNodesTest.swift */ = {isa = PBXFileReference; lastKnownFileType = sourcecode.swift; path = StoryNodesTest.swift; sourceTree = "<group>"; };
		9EAC0408D3DE1D5D885DA8C1 /* Pods-challengeFinal.release.xcconfig */ = {isa = PBXFileReference; includeInIndex = 1; lastKnownFileType = text.xcconfig; name = "Pods-challengeFinal.release.xcconfig"; path = "Target Support Files/Pods-challengeFinal/Pods-challengeFinal.release.xcconfig"; sourceTree = "<group>"; };
		AD27566663346DD3881AC3C2 /* Pods-challengeFinal-challengeFinalTests.debug.xcconfig */ = {isa = PBXFileReference; includeInIndex = 1; lastKnownFileType = text.xcconfig; name = "Pods-challengeFinal-challengeFinalTests.debug.xcconfig"; path = "Target Support Files/Pods-challengeFinal-challengeFinalTests/Pods-challengeFinal-challengeFinalTests.debug.xcconfig"; sourceTree = "<group>"; };
		B3C65AD70148E9DF28692587 /* Pods-challengeFinal.debug.xcconfig */ = {isa = PBXFileReference; includeInIndex = 1; lastKnownFileType = text.xcconfig; name = "Pods-challengeFinal.debug.xcconfig"; path = "Target Support Files/Pods-challengeFinal/Pods-challengeFinal.debug.xcconfig"; sourceTree = "<group>"; };
		C509BE0825504D2D00B37CFF /* HUDViewDelegate.swift */ = {isa = PBXFileReference; lastKnownFileType = sourcecode.swift; path = HUDViewDelegate.swift; sourceTree = "<group>"; };
		C50FD4AE2544BF0B00B9D2CA /* PlayerDataServicesTests.swift */ = {isa = PBXFileReference; lastKnownFileType = sourcecode.swift; path = PlayerDataServicesTests.swift; sourceTree = "<group>"; };
		C557D39B2547854D00A537F3 /* PlayerService.swift */ = {isa = PBXFileReference; lastKnownFileType = sourcecode.swift; path = PlayerService.swift; sourceTree = "<group>"; };
		C56B28092543892A004391BA /* PlayerDataService.swift */ = {isa = PBXFileReference; lastKnownFileType = sourcecode.swift; path = PlayerDataService.swift; sourceTree = "<group>"; };
		C593DEDA2542580100345F1B /* Player.swift */ = {isa = PBXFileReference; lastKnownFileType = sourcecode.swift; path = Player.swift; sourceTree = "<group>"; };
		C5DFEB2F254A3D3B00EAF4AA /* PointsView.swift */ = {isa = PBXFileReference; fileEncoding = 4; lastKnownFileType = sourcecode.swift; path = PointsView.swift; sourceTree = "<group>"; };
		C5DFEB33254A3D4700EAF4AA /* UIILabel+Animation.swift */ = {isa = PBXFileReference; fileEncoding = 4; lastKnownFileType = sourcecode.swift; path = "UIILabel+Animation.swift"; sourceTree = "<group>"; };
		C5DFEB37254A3D8800EAF4AA /* ViewCodable.swift */ = {isa = PBXFileReference; fileEncoding = 4; lastKnownFileType = sourcecode.swift; path = ViewCodable.swift; sourceTree = "<group>"; };
		C5DFEB3B254A3DB400EAF4AA /* UIView+Extension.swift */ = {isa = PBXFileReference; fileEncoding = 4; lastKnownFileType = sourcecode.swift; path = "UIView+Extension.swift"; sourceTree = "<group>"; };
		D3F953D80B5181C8492E54A0 /* Pods-challengeFinal-challengeFinalTests.release.xcconfig */ = {isa = PBXFileReference; includeInIndex = 1; lastKnownFileType = text.xcconfig; name = "Pods-challengeFinal-challengeFinalTests.release.xcconfig"; path = "Target Support Files/Pods-challengeFinal-challengeFinalTests/Pods-challengeFinal-challengeFinalTests.release.xcconfig"; sourceTree = "<group>"; };
		DA0A71E52539E360002BAB51 /* StoryNodesService.swift */ = {isa = PBXFileReference; fileEncoding = 4; lastKnownFileType = sourcecode.swift; path = StoryNodesService.swift; sourceTree = "<group>"; };
		DA0A71E72539E360002BAB51 /* StoryNode.swift */ = {isa = PBXFileReference; fileEncoding = 4; lastKnownFileType = sourcecode.swift; path = StoryNode.swift; sourceTree = "<group>"; };
		DA0A71E82539E360002BAB51 /* Story.swift */ = {isa = PBXFileReference; fileEncoding = 4; lastKnownFileType = sourcecode.swift; path = Story.swift; sourceTree = "<group>"; };
		DA0A71EE2539E379002BAB51 /* StoryNodes.json */ = {isa = PBXFileReference; fileEncoding = 4; lastKnownFileType = text.json; path = StoryNodes.json; sourceTree = "<group>"; };
		DA1EB880255423C900D53030 /* MenuView.swift */ = {isa = PBXFileReference; lastKnownFileType = sourcecode.swift; path = MenuView.swift; sourceTree = "<group>"; };
		DA1EB88625542C2200D53030 /* MenuViewTests.swift */ = {isa = PBXFileReference; lastKnownFileType = sourcecode.swift; path = MenuViewTests.swift; sourceTree = "<group>"; };
		DA1EB88F255434B600D53030 /* MenuViewModel.swift */ = {isa = PBXFileReference; lastKnownFileType = sourcecode.swift; path = MenuViewModel.swift; sourceTree = "<group>"; };
		DA1EB8952554358E00D53030 /* MenuViewContainer.swift */ = {isa = PBXFileReference; lastKnownFileType = sourcecode.swift; path = MenuViewContainer.swift; sourceTree = "<group>"; };
		DA1F092A2546EBD6008A5775 /* ChoiceView.swift */ = {isa = PBXFileReference; lastKnownFileType = sourcecode.swift; path = ChoiceView.swift; sourceTree = "<group>"; };
		DA1F09302546EE2F008A5775 /* ChoiceViewInfos.swift */ = {isa = PBXFileReference; lastKnownFileType = sourcecode.swift; path = ChoiceViewInfos.swift; sourceTree = "<group>"; };
		DA1F09342546F424008A5775 /* DynamicTypes.swift */ = {isa = PBXFileReference; lastKnownFileType = sourcecode.swift; path = DynamicTypes.swift; sourceTree = "<group>"; };
		DA1F09382546F7E5008A5775 /* ChoiceViewTests.swift */ = {isa = PBXFileReference; lastKnownFileType = sourcecode.swift; path = ChoiceViewTests.swift; sourceTree = "<group>"; };
		DA1F0946254716A2008A5775 /* ChoiceViewController.swift */ = {isa = PBXFileReference; lastKnownFileType = sourcecode.swift; name = ChoiceViewController.swift; path = challengeFinalTests/Components/ChoiceViewController.swift; sourceTree = SOURCE_ROOT; };
		DA1F094A254716B1008A5775 /* Choice.storyboard */ = {isa = PBXFileReference; lastKnownFileType = file.storyboard; name = Choice.storyboard; path = challengeFinalTests/Components/Choice.storyboard; sourceTree = SOURCE_ROOT; };
		DA1F094F254716E1008A5775 /* ChoiceViewContainer.swift */ = {isa = PBXFileReference; lastKnownFileType = sourcecode.swift; name = ChoiceViewContainer.swift; path = challengeFinalTests/Components/ChoiceViewContainer.swift; sourceTree = SOURCE_ROOT; };
		DA1F095325471701008A5775 /* ChoiceCoordinator.swift */ = {isa = PBXFileReference; lastKnownFileType = sourcecode.swift; name = ChoiceCoordinator.swift; path = challengeFinalTests/Components/ChoiceCoordinator.swift; sourceTree = SOURCE_ROOT; };
		DA1F095725471780008A5775 /* ChoiceViewModel.swift */ = {isa = PBXFileReference; lastKnownFileType = sourcecode.swift; name = ChoiceViewModel.swift; path = challengeFinalTests/Components/ChoiceViewModel.swift; sourceTree = SOURCE_ROOT; };
		DA1F095B254717D2008A5775 /* ChoiceViewModelDelegate.swift */ = {isa = PBXFileReference; lastKnownFileType = sourcecode.swift; name = ChoiceViewModelDelegate.swift; path = challengeFinalTests/Components/ChoiceViewModelDelegate.swift; sourceTree = SOURCE_ROOT; };
		DA35ED352535F3E30061606C /* ImageView.swift */ = {isa = PBXFileReference; fileEncoding = 4; lastKnownFileType = sourcecode.swift; path = ImageView.swift; sourceTree = "<group>"; };
		DA35ED3C2535F3FF0061606C /* ImageViewTests.swift */ = {isa = PBXFileReference; fileEncoding = 4; lastKnownFileType = sourcecode.swift; path = ImageViewTests.swift; sourceTree = "<group>"; };
		DA35ED442535F48E0061606C /* MockView.swift */ = {isa = PBXFileReference; lastKnownFileType = sourcecode.swift; path = MockView.swift; sourceTree = "<group>"; };
		DA3E12A925386BAA00C48AF8 /* StoryViewModel.swift */ = {isa = PBXFileReference; lastKnownFileType = sourcecode.swift; path = StoryViewModel.swift; sourceTree = "<group>"; };
		DA3E12AF25387A5E00C48AF8 /* PrimaryButtonTests.swift */ = {isa = PBXFileReference; lastKnownFileType = sourcecode.swift; path = PrimaryButtonTests.swift; sourceTree = "<group>"; };
		DA4A12C225405D2A00504E20 /* ChapterinitLabelView.swift */ = {isa = PBXFileReference; lastKnownFileType = sourcecode.swift; path = ChapterinitLabelView.swift; sourceTree = "<group>"; };
		DA5972E7253725DB00D6EF40 /* StoryCoordinator.swift */ = {isa = PBXFileReference; lastKnownFileType = sourcecode.swift; path = StoryCoordinator.swift; sourceTree = "<group>"; };
		DA5972EB253725F000D6EF40 /* Story.storyboard */ = {isa = PBXFileReference; lastKnownFileType = file.storyboard; path = Story.storyboard; sourceTree = "<group>"; };
		DA5972EF2537261500D6EF40 /* StoryViewController.swift */ = {isa = PBXFileReference; lastKnownFileType = sourcecode.swift; path = StoryViewController.swift; sourceTree = "<group>"; };
		DA5972F32537278900D6EF40 /* PrimaryButton.swift */ = {isa = PBXFileReference; lastKnownFileType = sourcecode.swift; path = PrimaryButton.swift; sourceTree = "<group>"; };
		DA5972F72537286500D6EF40 /* StoryView.swift */ = {isa = PBXFileReference; lastKnownFileType = sourcecode.swift; path = StoryView.swift; sourceTree = "<group>"; };
		DA789A91254312E9001CE5BF /* UIFont.swift */ = {isa = PBXFileReference; lastKnownFileType = sourcecode.swift; path = UIFont.swift; sourceTree = "<group>"; };
		DA789A9E25431502001CE5BF /* ChoiceButtonView.swift */ = {isa = PBXFileReference; lastKnownFileType = sourcecode.swift; path = ChoiceButtonView.swift; sourceTree = "<group>"; };
		DA789AA625431B06001CE5BF /* ChoiceButtonTests.swift */ = {isa = PBXFileReference; lastKnownFileType = sourcecode.swift; path = ChoiceButtonTests.swift; sourceTree = "<group>"; };
		DA88FF6F2537411500AF0992 /* RegularTextViewInfos.swift */ = {isa = PBXFileReference; lastKnownFileType = sourcecode.swift; path = RegularTextViewInfos.swift; sourceTree = "<group>"; };
		DA8E87242541AF93000D481B /* ChapterView.swift */ = {isa = PBXFileReference; lastKnownFileType = sourcecode.swift; path = ChapterView.swift; sourceTree = "<group>"; };
		DA8E872A2541B184000D481B /* ChapterViewTests.swift */ = {isa = PBXFileReference; lastKnownFileType = sourcecode.swift; path = ChapterViewTests.swift; sourceTree = "<group>"; };
		DA8E87352541BB2D000D481B /* Chapter.storyboard */ = {isa = PBXFileReference; lastKnownFileType = file.storyboard; path = Chapter.storyboard; sourceTree = "<group>"; };
		DA8E87392541BB64000D481B /* ChapterViewController.swift */ = {isa = PBXFileReference; lastKnownFileType = sourcecode.swift; path = ChapterViewController.swift; sourceTree = "<group>"; };
		DA8E873D2541BEA9000D481B /* ChapterViewContainer.swift */ = {isa = PBXFileReference; lastKnownFileType = sourcecode.swift; path = ChapterViewContainer.swift; sourceTree = "<group>"; };
		DA8E87412541BF4F000D481B /* ChapterViewModel.swift */ = {isa = PBXFileReference; lastKnownFileType = sourcecode.swift; path = ChapterViewModel.swift; sourceTree = "<group>"; };
		DA8E87472541C194000D481B /* ChapterViewModelDelegate.swift */ = {isa = PBXFileReference; lastKnownFileType = sourcecode.swift; path = ChapterViewModelDelegate.swift; sourceTree = "<group>"; };
		DA8E874B2541C1FD000D481B /* ChapterCoordinator.swift */ = {isa = PBXFileReference; lastKnownFileType = sourcecode.swift; path = ChapterCoordinator.swift; sourceTree = "<group>"; };
		DAC23A302537329D00D57C43 /* RegularTextView.swift */ = {isa = PBXFileReference; lastKnownFileType = sourcecode.swift; path = RegularTextView.swift; sourceTree = "<group>"; };
		DAC23A36253733D100D57C43 /* RegularTextViewTests.swift */ = {isa = PBXFileReference; lastKnownFileType = sourcecode.swift; path = RegularTextViewTests.swift; sourceTree = "<group>"; };
		DAC55E07254081B5006E1845 /* ChapterinitLabelTests.swift */ = {isa = PBXFileReference; lastKnownFileType = sourcecode.swift; path = ChapterinitLabelTests.swift; sourceTree = "<group>"; };
		DAC5C08B2549A97D003ED60F /* MainCoordinator.swift */ = {isa = PBXFileReference; lastKnownFileType = sourcecode.swift; path = MainCoordinator.swift; sourceTree = "<group>"; };
		DAD346412542F3EE00225BAF /* DynamicButtonView.swift */ = {isa = PBXFileReference; lastKnownFileType = sourcecode.swift; path = DynamicButtonView.swift; sourceTree = "<group>"; };
		DAD346452542F70900225BAF /* DynamicButtonTests.swift */ = {isa = PBXFileReference; lastKnownFileType = sourcecode.swift; path = DynamicButtonTests.swift; sourceTree = "<group>"; };
		DADC40BF25403F7900078CA3 /* StoryNodeRepository.swift */ = {isa = PBXFileReference; lastKnownFileType = sourcecode.swift; path = StoryNodeRepository.swift; sourceTree = "<group>"; };
		DAF3986D513B30C7217ED0AA /* Pods-challengeFinal-challengeFinalTests.debug.xcconfig */ = {isa = PBXFileReference; includeInIndex = 1; lastKnownFileType = text.xcconfig; name = "Pods-challengeFinal-challengeFinalTests.debug.xcconfig"; path = "Target Support Files/Pods-challengeFinal-challengeFinalTests/Pods-challengeFinal-challengeFinalTests.debug.xcconfig"; sourceTree = "<group>"; };
/* End PBXFileReference section */

/* Begin PBXFrameworksBuildPhase section */
		8D41F6842530932200A496C6 /* Frameworks */ = {
			isa = PBXFrameworksBuildPhase;
			buildActionMask = 2147483647;
			files = (
				B08D4A095391882B7B2C3C17 /* Pods_challengeFinal.framework in Frameworks */,
			);
			runOnlyForDeploymentPostprocessing = 0;
		};
		8D41F69A2530932500A496C6 /* Frameworks */ = {
			isa = PBXFrameworksBuildPhase;
			buildActionMask = 2147483647;
			files = (
				70D9ACFB3037CB3506CB401C /* Pods_challengeFinal_challengeFinalTests.framework in Frameworks */,
			);
			runOnlyForDeploymentPostprocessing = 0;
		};
/* End PBXFrameworksBuildPhase section */

/* Begin PBXGroup section */
		2BCA96F367C94307056554B5 /* Frameworks */ = {
			isa = PBXGroup;
			children = (
				44548E80E7D0A3A976B144A5 /* Pods_challengeFinal.framework */,
				7EC7DA82237EAE10FBC69ACD /* Pods_challengeFinal_challengeFinalUITests.framework */,
				4DA9293BB9AD97035E577805 /* Pods_challengeFinal_challengeFinalTests.framework */,
			);
			name = Frameworks;
			sourceTree = "<group>";
		};
		8D41F67E2530932200A496C6 = {
			isa = PBXGroup;
			children = (
				DA35ED332535F3E30061606C /* challengeFinalComponents */,
				8D41F6892530932300A496C6 /* challengeFinal */,
				8D41F6A02530932500A496C6 /* challengeFinalTests */,
				8D41F6882530932300A496C6 /* Products */,
				2BCA96F367C94307056554B5 /* Frameworks */,
				DA5F9C44253884C600552273 /* Recovered References */,
				C0649F670057FC170CAF4D63 /* Pods */,
			);
			sourceTree = "<group>";
		};
		8D41F6882530932300A496C6 /* Products */ = {
			isa = PBXGroup;
			children = (
				8D41F6872530932300A496C6 /* challengeFinal.app */,
				8D41F69D2530932500A496C6 /* challengeFinalTests.xctest */,
			);
			name = Products;
			sourceTree = "<group>";
		};
		8D41F6892530932300A496C6 /* challengeFinal */ = {
			isa = PBXGroup;
			children = (
				DADC40BE25403F6400078CA3 /* Repository */,
				DA0A71E62539E360002BAB51 /* Models */,
				DA0A71E42539E360002BAB51 /* Services */,
				DA30DF8E25371E7A007C6CA4 /* Flow */,
				8D41F6D62530A60700A496C6 /* App-SceneDelegate */,
				8D41F6D22530A56D00A496C6 /* Coordinator */,
				8D41F6DA2530A72500A496C6 /* Assets */,
				C51C0DD82548DBB300577641 /* Suporting Files */,
				8D41F6952530932500A496C6 /* LaunchScreen.storyboard */,
				8D41F6982530932500A496C6 /* Info.plist */,
			);
			path = challengeFinal;
			sourceTree = "<group>";
		};
		8D41F6A02530932500A496C6 /* challengeFinalTests */ = {
			isa = PBXGroup;
			children = (
				C50FD4AD2544BEEC00B9D2CA /* Services */,
				DA35ED3B2535F3FF0061606C /* Components */,
				8D41F6A32530932500A496C6 /* Info.plist */,
				DA35ED442535F48E0061606C /* MockView.swift */,
				8DEE2C6E253746A3006C187B /* StoryNodesTest.swift */,
			);
			path = challengeFinalTests;
			sourceTree = "<group>";
		};
		8D41F6D22530A56D00A496C6 /* Coordinator */ = {
			isa = PBXGroup;
			children = (
				8D41F6CA25309C6700A496C6 /* Storyboarded.swift */,
				8D41F6BD253099B900A496C6 /* Coordinator.swift */,
				DAC5C08B2549A97D003ED60F /* MainCoordinator.swift */,
			);
			path = Coordinator;
			sourceTree = "<group>";
		};
		8D41F6D62530A60700A496C6 /* App-SceneDelegate */ = {
			isa = PBXGroup;
			children = (
				8D41F68A2530932300A496C6 /* AppDelegate.swift */,
			);
			path = "App-SceneDelegate";
			sourceTree = "<group>";
		};
		8D41F6DA2530A72500A496C6 /* Assets */ = {
			isa = PBXGroup;
			children = (
				DA0A71EE2539E379002BAB51 /* StoryNodes.json */,
				8D41F6932530932500A496C6 /* Assets.xcassets */,
				8D9E82692549F391005FDC37 /* GameColors.swift */,
			);
			path = Assets;
			sourceTree = "<group>";
		};
		8D9E82562549EA23005FDC37 /* PauseButton */ = {
			isa = PBXGroup;
			children = (
				8DD3F5B72541D60500FDA5B4 /* PauseButton.swift */,
			);
			path = PauseButton;
			sourceTree = "<group>";
		};
		8D9E82722549F998005FDC37 /* TransparentButton */ = {
			isa = PBXGroup;
			children = (
				8D9E826D2549F80F005FDC37 /* TransparentButton.swift */,
			);
			path = TransparentButton;
			sourceTree = "<group>";
		};
		8D9E8289254A00C8005FDC37 /* HUDView */ = {
			isa = PBXGroup;
			children = (
				C509BE0825504D2D00B37CFF /* HUDViewDelegate.swift */,
				8D9E8285254A002B005FDC37 /* HUDView.swift */,
			);
			path = HUDView;
			sourceTree = "<group>";
		};
		8DAAC8DC2554CEAA00DC08BF /* View */ = {
			isa = PBXGroup;
			children = (
				8DAAC8DB2554CEA300DC08BF /* CreditsView.swift */,
			);
			path = View;
			sourceTree = "<group>";
		};
		8DB74E472554BFEB003D4A99 /* Credits */ = {
			isa = PBXGroup;
			children = (
				8DB74E582554C3AC003D4A99 /* ViewModel */,
				8DB74E592554C3B9003D4A99 /* Storyboard */,
				8DB74E5A2554C3C5003D4A99 /* ViewContainer */,
				8DB74E5B2554C3D1003D4A99 /* ViewController */,
				8DAAC8DC2554CEAA00DC08BF /* View */,
				8DB74E482554BFF7003D4A99 /* Coordinator */,
			);
			path = Credits;
			sourceTree = "<group>";
		};
		8DB74E482554BFF7003D4A99 /* Coordinator */ = {
			isa = PBXGroup;
			children = (
				8DB74E462554BF7C003D4A99 /* CreditsCoordinator.swift */,
			);
			path = Coordinator;
			sourceTree = "<group>";
		};
		8DB74E582554C3AC003D4A99 /* ViewModel */ = {
			isa = PBXGroup;
			children = (
				8DB74E512554C278003D4A99 /* CreditsViewModel.swift */,
			);
			path = ViewModel;
			sourceTree = "<group>";
		};
		8DB74E592554C3B9003D4A99 /* Storyboard */ = {
			isa = PBXGroup;
			children = (
				8DB74E542554C279003D4A99 /* Credits.storyboard */,
			);
			path = Storyboard;
			sourceTree = "<group>";
		};
		8DB74E5A2554C3C5003D4A99 /* ViewContainer */ = {
			isa = PBXGroup;
			children = (
				8DB74E532554C279003D4A99 /* CreditsViewContainer.swift */,
			);
			path = ViewContainer;
			sourceTree = "<group>";
		};
		8DB74E5B2554C3D1003D4A99 /* ViewController */ = {
			isa = PBXGroup;
			children = (
				8DB74E522554C278003D4A99 /* CreditsViewController.swift */,
			);
			path = ViewController;
			sourceTree = "<group>";
		};
		C0649F670057FC170CAF4D63 /* Pods */ = {
			isa = PBXGroup;
			children = (
				06541E4086D503AA0D506763 /* Pods-challengeFinal.debug.xcconfig */,
				9EAC0408D3DE1D5D885DA8C1 /* Pods-challengeFinal.release.xcconfig */,
				DAF3986D513B30C7217ED0AA /* Pods-challengeFinal-challengeFinalTests.debug.xcconfig */,
				D3F953D80B5181C8492E54A0 /* Pods-challengeFinal-challengeFinalTests.release.xcconfig */,
			);
			path = Pods;
			sourceTree = "<group>";
		};
		C50FD4AD2544BEEC00B9D2CA /* Services */ = {
			isa = PBXGroup;
			children = (
				C50FD4AE2544BF0B00B9D2CA /* PlayerDataServicesTests.swift */,
			);
			path = Services;
			sourceTree = "<group>";
		};
		C51C0DD82548DBB300577641 /* Suporting Files */ = {
			isa = PBXGroup;
			children = (
				C5DFEB37254A3D8800EAF4AA /* ViewCodable.swift */,
				C5DFEB33254A3D4700EAF4AA /* UIILabel+Animation.swift */,
				C5DFEB3B254A3DB400EAF4AA /* UIView+Extension.swift */,
			);
			path = "Suporting Files";
			sourceTree = "<group>";
		};
		C51C0DDD2548DE5D00577641 /* PointsView */ = {
			isa = PBXGroup;
			children = (
				C5DFEB2F254A3D3B00EAF4AA /* PointsView.swift */,
			);
			path = PointsView;
			sourceTree = "<group>";
		};
		DA0A71E42539E360002BAB51 /* Services */ = {
			isa = PBXGroup;
			children = (
				DA0A71E52539E360002BAB51 /* StoryNodesService.swift */,
				C56B28092543892A004391BA /* PlayerDataService.swift */,
				C557D39B2547854D00A537F3 /* PlayerService.swift */,
			);
			path = Services;
			sourceTree = "<group>";
		};
		DA0A71E62539E360002BAB51 /* Models */ = {
			isa = PBXGroup;
			children = (
				DA0A71E72539E360002BAB51 /* StoryNode.swift */,
				DA0A71E82539E360002BAB51 /* Story.swift */,
				C593DEDA2542580100345F1B /* Player.swift */,
			);
			path = Models;
			sourceTree = "<group>";
		};
		DA1EB87F255423B600D53030 /* MenuView */ = {
			isa = PBXGroup;
			children = (
				DA1EB880255423C900D53030 /* MenuView.swift */,
			);
			path = MenuView;
			sourceTree = "<group>";
		};
		DA1EB88E255434A500D53030 /* ViewModel */ = {
			isa = PBXGroup;
			children = (
				DA1EB88F255434B600D53030 /* MenuViewModel.swift */,
			);
			path = ViewModel;
			sourceTree = "<group>";
		};
		DA1F09292546EBC5008A5775 /* ChoiceView */ = {
			isa = PBXGroup;
			children = (
				DA1F092A2546EBD6008A5775 /* ChoiceView.swift */,
				DA1F09302546EE2F008A5775 /* ChoiceViewInfos.swift */,
			);
			path = ChoiceView;
			sourceTree = "<group>";
		};
		DA1F094025471666008A5775 /* Choice */ = {
			isa = PBXGroup;
			children = (
				DA1F09442547167C008A5775 /* ViewModel */,
				DA1F094E254716CA008A5775 /* Coordinator */,
				DA1F094325471677008A5775 /* Storyboard */,
				DA1F094225471673008A5775 /* View */,
				DA1F09412547166E008A5775 /* ViewController */,
			);
			path = Choice;
			sourceTree = "<group>";
		};
		DA1F09412547166E008A5775 /* ViewController */ = {
			isa = PBXGroup;
			children = (
				DA1F0946254716A2008A5775 /* ChoiceViewController.swift */,
			);
			path = ViewController;
			sourceTree = "<group>";
		};
		DA1F094225471673008A5775 /* View */ = {
			isa = PBXGroup;
			children = (
				DA1F094F254716E1008A5775 /* ChoiceViewContainer.swift */,
			);
			path = View;
			sourceTree = "<group>";
		};
		DA1F094325471677008A5775 /* Storyboard */ = {
			isa = PBXGroup;
			children = (
				DA1F094A254716B1008A5775 /* Choice.storyboard */,
			);
			path = Storyboard;
			sourceTree = "<group>";
		};
		DA1F09442547167C008A5775 /* ViewModel */ = {
			isa = PBXGroup;
			children = (
				DA1F095725471780008A5775 /* ChoiceViewModel.swift */,
				DA1F095B254717D2008A5775 /* ChoiceViewModelDelegate.swift */,
			);
			path = ViewModel;
			sourceTree = "<group>";
		};
		DA1F094E254716CA008A5775 /* Coordinator */ = {
			isa = PBXGroup;
			children = (
				DA1F095325471701008A5775 /* ChoiceCoordinator.swift */,
			);
			path = Coordinator;
			sourceTree = "<group>";
		};
		DA30DF8E25371E7A007C6CA4 /* Flow */ = {
			isa = PBXGroup;
			children = (
				DA1F094025471666008A5775 /* Choice */,
				DA8E872E2541BAEE000D481B /* Chapter */,
				8DB74E472554BFEB003D4A99 /* Credits */,
				DA30DF9025371F13007C6CA4 /* Menu */,
				DA30DF8F25371E88007C6CA4 /* Story */,
			);
			path = Flow;
			sourceTree = "<group>";
		};
		DA30DF8F25371E88007C6CA4 /* Story */ = {
			isa = PBXGroup;
			children = (
				DA3E12A825386B9800C48AF8 /* ViewModel */,
				DA5972E12537256B00D6EF40 /* Coordinator */,
				DA5972E22537257000D6EF40 /* Storyboard */,
				DA5972E42537258100D6EF40 /* View */,
				DA5972E32537257900D6EF40 /* ViewController */,
			);
			path = Story;
			sourceTree = "<group>";
		};
		DA30DF9025371F13007C6CA4 /* Menu */ = {
			isa = PBXGroup;
			children = (
				DA1EB88E255434A500D53030 /* ViewModel */,
				DACF216F253721E3002B1AAA /* Coordinator */,
				DACF216E253721CB002B1AAA /* Storyboard */,
				DACF216D253721C2002B1AAA /* View */,
				DACF216C253721BA002B1AAA /* ViewController */,
			);
			path = Menu;
			sourceTree = "<group>";
		};
		DA35ED332535F3E30061606C /* challengeFinalComponents */ = {
			isa = PBXGroup;
			children = (
				DA1EB87F255423B600D53030 /* MenuView */,
				C51C0DDD2548DE5D00577641 /* PointsView */,
				DA1F09292546EBC5008A5775 /* ChoiceView */,
				DA789A9D254314F1001CE5BF /* ChoiceButton */,
				DA789A90254312DB001CE5BF /* Extensions */,
				DAD346402542F3D200225BAF /* DynamicButton */,
				DA8E87232541AF83000D481B /* ChapterView */,
				DA4A12C025405D0700504E20 /* Labels */,
				DAC23A2F2537327E00D57C43 /* RegularTextView */,
				8D9E82562549EA23005FDC37 /* PauseButton */,
				DA5972E02537255000D6EF40 /* PrimaryButton */,
				DA35ED342535F3E30061606C /* ImageView */,
				8D9E82722549F998005FDC37 /* TransparentButton */,
				8D9E8289254A00C8005FDC37 /* HUDView */,
			);
			path = challengeFinalComponents;
			sourceTree = "<group>";
		};
		DA35ED342535F3E30061606C /* ImageView */ = {
			isa = PBXGroup;
			children = (
				DA35ED352535F3E30061606C /* ImageView.swift */,
			);
			path = ImageView;
			sourceTree = "<group>";
		};
		DA35ED3B2535F3FF0061606C /* Components */ = {
			isa = PBXGroup;
			children = (
				DA35ED3C2535F3FF0061606C /* ImageViewTests.swift */,
				8D9E828C254A00D4005FDC37 /* HUDViewTests.swift */,
				8DD3F5BD2541D6D800FDA5B4 /* PauseButtonTests.swift */,
				DAC23A36253733D100D57C43 /* RegularTextViewTests.swift */,
				DA3E12AF25387A5E00C48AF8 /* PrimaryButtonTests.swift */,
				8D9E827D2549FA02005FDC37 /* GoToDecisionButtonTests.swift */,
				DAC55E07254081B5006E1845 /* ChapterinitLabelTests.swift */,
				DA8E872A2541B184000D481B /* ChapterViewTests.swift */,
				DAD346452542F70900225BAF /* DynamicButtonTests.swift */,
				DA789AA625431B06001CE5BF /* ChoiceButtonTests.swift */,
				DA1F09382546F7E5008A5775 /* ChoiceViewTests.swift */,
				DA1EB88625542C2200D53030 /* MenuViewTests.swift */,
			);
			path = Components;
			sourceTree = "<group>";
		};
		DA3E12A825386B9800C48AF8 /* ViewModel */ = {
			isa = PBXGroup;
			children = (
				8D4FF5E8254303E500FBF110 /* StoryViewModelDelegate.swift */,
				DA3E12A925386BAA00C48AF8 /* StoryViewModel.swift */,
			);
			path = ViewModel;
			sourceTree = "<group>";
		};
		DA4A12C025405D0700504E20 /* Labels */ = {
			isa = PBXGroup;
			children = (
				DA4A12C125405D1200504E20 /* ChapterInitLabel */,
			);
			path = Labels;
			sourceTree = "<group>";
		};
		DA4A12C125405D1200504E20 /* ChapterInitLabel */ = {
			isa = PBXGroup;
			children = (
				DA4A12C225405D2A00504E20 /* ChapterinitLabelView.swift */,
			);
			path = ChapterInitLabel;
			sourceTree = "<group>";
		};
		DA5972E02537255000D6EF40 /* PrimaryButton */ = {
			isa = PBXGroup;
			children = (
				DA5972F32537278900D6EF40 /* PrimaryButton.swift */,
			);
			path = PrimaryButton;
			sourceTree = "<group>";
		};
		DA5972E12537256B00D6EF40 /* Coordinator */ = {
			isa = PBXGroup;
			children = (
				DA5972E7253725DB00D6EF40 /* StoryCoordinator.swift */,
			);
			path = Coordinator;
			sourceTree = "<group>";
		};
		DA5972E22537257000D6EF40 /* Storyboard */ = {
			isa = PBXGroup;
			children = (
				DA5972EB253725F000D6EF40 /* Story.storyboard */,
			);
			path = Storyboard;
			sourceTree = "<group>";
		};
		DA5972E32537257900D6EF40 /* ViewController */ = {
			isa = PBXGroup;
			children = (
				DA5972EF2537261500D6EF40 /* StoryViewController.swift */,
			);
			path = ViewController;
			sourceTree = "<group>";
		};
		DA5972E42537258100D6EF40 /* View */ = {
			isa = PBXGroup;
			children = (
				DA5972F72537286500D6EF40 /* StoryView.swift */,
			);
			path = View;
			sourceTree = "<group>";
		};
		DA5F9C44253884C600552273 /* Recovered References */ = {
			isa = PBXGroup;
			children = (
				B3C65AD70148E9DF28692587 /* Pods-challengeFinal.debug.xcconfig */,
				77B9F2E37B837715B6F04743 /* Pods-challengeFinal.release.xcconfig */,
				AD27566663346DD3881AC3C2 /* Pods-challengeFinal-challengeFinalTests.debug.xcconfig */,
				051B5C72F68970D599E310E1 /* Pods-challengeFinal-challengeFinalTests.release.xcconfig */,
			);
			name = "Recovered References";
			sourceTree = "<group>";
		};
		DA789A90254312DB001CE5BF /* Extensions */ = {
			isa = PBXGroup;
			children = (
				DA789A91254312E9001CE5BF /* UIFont.swift */,
			);
			path = Extensions;
			sourceTree = "<group>";
		};
		DA789A9D254314F1001CE5BF /* ChoiceButton */ = {
			isa = PBXGroup;
			children = (
				DA789A9E25431502001CE5BF /* ChoiceButtonView.swift */,
			);
			path = ChoiceButton;
			sourceTree = "<group>";
		};
		DA8E87232541AF83000D481B /* ChapterView */ = {
			isa = PBXGroup;
			children = (
				DA8E87242541AF93000D481B /* ChapterView.swift */,
			);
			path = ChapterView;
			sourceTree = "<group>";
		};
		DA8E872E2541BAEE000D481B /* Chapter */ = {
			isa = PBXGroup;
			children = (
				DA8E87342541BB1A000D481B /* ViewModel */,
				DA8E87332541BB14000D481B /* Coordinator */,
				DA8E87322541BB07000D481B /* Storyboard */,
				DA8E87312541BB03000D481B /* View */,
				DA8E87302541BAFE000D481B /* ViewController */,
			);
			path = Chapter;
			sourceTree = "<group>";
		};
		DA8E87302541BAFE000D481B /* ViewController */ = {
			isa = PBXGroup;
			children = (
				DA8E87392541BB64000D481B /* ChapterViewController.swift */,
			);
			path = ViewController;
			sourceTree = "<group>";
		};
		DA8E87312541BB03000D481B /* View */ = {
			isa = PBXGroup;
			children = (
				DA8E873D2541BEA9000D481B /* ChapterViewContainer.swift */,
			);
			path = View;
			sourceTree = "<group>";
		};
		DA8E87322541BB07000D481B /* Storyboard */ = {
			isa = PBXGroup;
			children = (
				DA8E87352541BB2D000D481B /* Chapter.storyboard */,
			);
			path = Storyboard;
			sourceTree = "<group>";
		};
		DA8E87332541BB14000D481B /* Coordinator */ = {
			isa = PBXGroup;
			children = (
				DA8E874B2541C1FD000D481B /* ChapterCoordinator.swift */,
			);
			path = Coordinator;
			sourceTree = "<group>";
		};
		DA8E87342541BB1A000D481B /* ViewModel */ = {
			isa = PBXGroup;
			children = (
				DA8E87412541BF4F000D481B /* ChapterViewModel.swift */,
				DA8E87472541C194000D481B /* ChapterViewModelDelegate.swift */,
			);
			path = ViewModel;
			sourceTree = "<group>";
		};
		DAC23A2F2537327E00D57C43 /* RegularTextView */ = {
			isa = PBXGroup;
			children = (
				DAC23A302537329D00D57C43 /* RegularTextView.swift */,
				DA88FF6F2537411500AF0992 /* RegularTextViewInfos.swift */,
			);
			path = RegularTextView;
			sourceTree = "<group>";
		};
		DACF216C253721BA002B1AAA /* ViewController */ = {
			isa = PBXGroup;
			children = (
				8D41F68E2530932300A496C6 /* MenuViewController.swift */,
			);
			path = ViewController;
			sourceTree = "<group>";
		};
		DACF216D253721C2002B1AAA /* View */ = {
			isa = PBXGroup;
			children = (
				DA1EB8952554358E00D53030 /* MenuViewContainer.swift */,
			);
			path = View;
			sourceTree = "<group>";
		};
		DACF216E253721CB002B1AAA /* Storyboard */ = {
			isa = PBXGroup;
			children = (
				8D41F6902530932300A496C6 /* Menu.storyboard */,
			);
			path = Storyboard;
			sourceTree = "<group>";
		};
		DACF216F253721E3002B1AAA /* Coordinator */ = {
			isa = PBXGroup;
			children = (
				8D41F6C225309A1000A496C6 /* MenuCoordinator.swift */,
			);
			path = Coordinator;
			sourceTree = "<group>";
		};
		DAD346402542F3D200225BAF /* DynamicButton */ = {
			isa = PBXGroup;
			children = (
				DAD346412542F3EE00225BAF /* DynamicButtonView.swift */,
				DA1F09342546F424008A5775 /* DynamicTypes.swift */,
			);
			path = DynamicButton;
			sourceTree = "<group>";
		};
		DADC40BE25403F6400078CA3 /* Repository */ = {
			isa = PBXGroup;
			children = (
				DADC40BF25403F7900078CA3 /* StoryNodeRepository.swift */,
			);
			path = Repository;
			sourceTree = "<group>";
		};
/* End PBXGroup section */

/* Begin PBXNativeTarget section */
		8D41F6862530932200A496C6 /* challengeFinal */ = {
			isa = PBXNativeTarget;
			buildConfigurationList = 8D41F6B12530932500A496C6 /* Build configuration list for PBXNativeTarget "challengeFinal" */;
			buildPhases = (
				94E714B610347F37F66020D5 /* [CP] Check Pods Manifest.lock */,
				8D41F6832530932200A496C6 /* Sources */,
				8D41F6842530932200A496C6 /* Frameworks */,
				8D41F6852530932200A496C6 /* Resources */,
				C593DED72542522600345F1B /* Swiftlint */,
			);
			buildRules = (
			);
			dependencies = (
			);
			name = challengeFinal;
			productName = challengeFinal;
			productReference = 8D41F6872530932300A496C6 /* challengeFinal.app */;
			productType = "com.apple.product-type.application";
		};
		8D41F69C2530932500A496C6 /* challengeFinalTests */ = {
			isa = PBXNativeTarget;
			buildConfigurationList = 8D41F6B42530932500A496C6 /* Build configuration list for PBXNativeTarget "challengeFinalTests" */;
			buildPhases = (
				19FB791D4ECEED121CFD3848 /* [CP] Check Pods Manifest.lock */,
				8D41F6992530932500A496C6 /* Sources */,
				8D41F69A2530932500A496C6 /* Frameworks */,
				8D41F69B2530932500A496C6 /* Resources */,
				ADDD9511FCB3EFC4947F5FA3 /* [CP] Embed Pods Frameworks */,
			);
			buildRules = (
			);
			dependencies = (
				8D41F69F2530932500A496C6 /* PBXTargetDependency */,
			);
			name = challengeFinalTests;
			productName = challengeFinalTests;
			productReference = 8D41F69D2530932500A496C6 /* challengeFinalTests.xctest */;
			productType = "com.apple.product-type.bundle.unit-test";
		};
/* End PBXNativeTarget section */

/* Begin PBXProject section */
		8D41F67F2530932200A496C6 /* Project object */ = {
			isa = PBXProject;
			attributes = {
				LastSwiftUpdateCheck = 1200;
				LastUpgradeCheck = 1200;
				TargetAttributes = {
					8D41F6862530932200A496C6 = {
						CreatedOnToolsVersion = 12.0.1;
					};
					8D41F69C2530932500A496C6 = {
						CreatedOnToolsVersion = 12.0.1;
						TestTargetID = 8D41F6862530932200A496C6;
					};
				};
			};
			buildConfigurationList = 8D41F6822530932200A496C6 /* Build configuration list for PBXProject "challengeFinal" */;
			compatibilityVersion = "Xcode 9.3";
			developmentRegion = en;
			hasScannedForEncodings = 0;
			knownRegions = (
				en,
				Base,
			);
			mainGroup = 8D41F67E2530932200A496C6;
			productRefGroup = 8D41F6882530932300A496C6 /* Products */;
			projectDirPath = "";
			projectRoot = "";
			targets = (
				8D41F6862530932200A496C6 /* challengeFinal */,
				8D41F69C2530932500A496C6 /* challengeFinalTests */,
			);
		};
/* End PBXProject section */

/* Begin PBXResourcesBuildPhase section */
		8D41F6852530932200A496C6 /* Resources */ = {
			isa = PBXResourcesBuildPhase;
			buildActionMask = 2147483647;
			files = (
				DA5972EC253725F000D6EF40 /* Story.storyboard in Resources */,
				8D41F6972530932500A496C6 /* LaunchScreen.storyboard in Resources */,
				DA1F094B254716B1008A5775 /* Choice.storyboard in Resources */,
				8D41F6942530932500A496C6 /* Assets.xcassets in Resources */,
				8D41F6922530932300A496C6 /* Menu.storyboard in Resources */,
				DA8E87362541BB2D000D481B /* Chapter.storyboard in Resources */,
				DA0A71EF2539E379002BAB51 /* StoryNodes.json in Resources */,
				8DAAC8D52554CCEA00DC08BF /* Credits.storyboard in Resources */,
			);
			runOnlyForDeploymentPostprocessing = 0;
		};
		8D41F69B2530932500A496C6 /* Resources */ = {
			isa = PBXResourcesBuildPhase;
			buildActionMask = 2147483647;
			files = (
			);
			runOnlyForDeploymentPostprocessing = 0;
		};
/* End PBXResourcesBuildPhase section */

/* Begin PBXShellScriptBuildPhase section */
		19FB791D4ECEED121CFD3848 /* [CP] Check Pods Manifest.lock */ = {
			isa = PBXShellScriptBuildPhase;
			buildActionMask = 2147483647;
			files = (
			);
			inputFileListPaths = (
			);
			inputPaths = (
				"${PODS_PODFILE_DIR_PATH}/Podfile.lock",
				"${PODS_ROOT}/Manifest.lock",
			);
			name = "[CP] Check Pods Manifest.lock";
			outputFileListPaths = (
			);
			outputPaths = (
				"$(DERIVED_FILE_DIR)/Pods-challengeFinal-challengeFinalTests-checkManifestLockResult.txt",
			);
			runOnlyForDeploymentPostprocessing = 0;
			shellPath = /bin/sh;
			shellScript = "diff \"${PODS_PODFILE_DIR_PATH}/Podfile.lock\" \"${PODS_ROOT}/Manifest.lock\" > /dev/null\nif [ $? != 0 ] ; then\n    # print error to STDERR\n    echo \"error: The sandbox is not in sync with the Podfile.lock. Run 'pod install' or update your CocoaPods installation.\" >&2\n    exit 1\nfi\n# This output is used by Xcode 'outputs' to avoid re-running this script phase.\necho \"SUCCESS\" > \"${SCRIPT_OUTPUT_FILE_0}\"\n";
			showEnvVarsInLog = 0;
		};
		94E714B610347F37F66020D5 /* [CP] Check Pods Manifest.lock */ = {
			isa = PBXShellScriptBuildPhase;
			buildActionMask = 2147483647;
			files = (
			);
			inputFileListPaths = (
			);
			inputPaths = (
				"${PODS_PODFILE_DIR_PATH}/Podfile.lock",
				"${PODS_ROOT}/Manifest.lock",
			);
			name = "[CP] Check Pods Manifest.lock";
			outputFileListPaths = (
			);
			outputPaths = (
				"$(DERIVED_FILE_DIR)/Pods-challengeFinal-checkManifestLockResult.txt",
			);
			runOnlyForDeploymentPostprocessing = 0;
			shellPath = /bin/sh;
			shellScript = "diff \"${PODS_PODFILE_DIR_PATH}/Podfile.lock\" \"${PODS_ROOT}/Manifest.lock\" > /dev/null\nif [ $? != 0 ] ; then\n    # print error to STDERR\n    echo \"error: The sandbox is not in sync with the Podfile.lock. Run 'pod install' or update your CocoaPods installation.\" >&2\n    exit 1\nfi\n# This output is used by Xcode 'outputs' to avoid re-running this script phase.\necho \"SUCCESS\" > \"${SCRIPT_OUTPUT_FILE_0}\"\n";
			showEnvVarsInLog = 0;
		};
		ADDD9511FCB3EFC4947F5FA3 /* [CP] Embed Pods Frameworks */ = {
			isa = PBXShellScriptBuildPhase;
			buildActionMask = 2147483647;
			files = (
			);
			inputFileListPaths = (
				"${PODS_ROOT}/Target Support Files/Pods-challengeFinal-challengeFinalTests/Pods-challengeFinal-challengeFinalTests-frameworks-${CONFIGURATION}-input-files.xcfilelist",
			);
			name = "[CP] Embed Pods Frameworks";
			outputFileListPaths = (
				"${PODS_ROOT}/Target Support Files/Pods-challengeFinal-challengeFinalTests/Pods-challengeFinal-challengeFinalTests-frameworks-${CONFIGURATION}-output-files.xcfilelist",
			);
			runOnlyForDeploymentPostprocessing = 0;
			shellPath = /bin/sh;
			shellScript = "\"${PODS_ROOT}/Target Support Files/Pods-challengeFinal-challengeFinalTests/Pods-challengeFinal-challengeFinalTests-frameworks.sh\"\n";
			showEnvVarsInLog = 0;
		};
		C593DED72542522600345F1B /* Swiftlint */ = {
			isa = PBXShellScriptBuildPhase;
			buildActionMask = 2147483647;
			files = (
			);
			inputFileListPaths = (
			);
			inputPaths = (
			);
			name = Swiftlint;
			outputFileListPaths = (
			);
			outputPaths = (
			);
			runOnlyForDeploymentPostprocessing = 0;
			shellPath = /bin/sh;
			shellScript = "if which swiftlint >/dev/null; then\n  swiftlint\nelse\n  echo \"warning: SwiftLint not installed, download from https://github.com/realm/SwiftLint\"\nfi\n";
		};
/* End PBXShellScriptBuildPhase section */

/* Begin PBXSourcesBuildPhase section */
		8D41F6832530932200A496C6 /* Sources */ = {
			isa = PBXSourcesBuildPhase;
			buildActionMask = 2147483647;
			files = (
				8D04D60A25430ECE00E1F9F7 /* StoryViewModelDelegate.swift in Sources */,
				DAC5C08C2549A97D003ED60F /* MainCoordinator.swift in Sources */,
				DA8E87422541BF4F000D481B /* ChapterViewModel.swift in Sources */,
				8DAAC8D82554CCFF00DC08BF /* CreditsViewModel.swift in Sources */,
				DA5972F82537286500D6EF40 /* StoryView.swift in Sources */,
				DA1F09352546F424008A5775 /* DynamicTypes.swift in Sources */,
				DA1EB8962554358E00D53030 /* MenuViewContainer.swift in Sources */,
				DA4A12C325405D2A00504E20 /* ChapterinitLabelView.swift in Sources */,
				C5DFEB38254A3D8800EAF4AA /* ViewCodable.swift in Sources */,
				DA0A71EA2539E360002BAB51 /* StoryNode.swift in Sources */,
				DA88FF702537411500AF0992 /* RegularTextViewInfos.swift in Sources */,
				DA0A71EB2539E360002BAB51 /* Story.swift in Sources */,
				C509BE0925504D2D00B37CFF /* HUDViewDelegate.swift in Sources */,
				8DAAC8CC2554CCDC00DC08BF /* CreditsCoordinator.swift in Sources */,
				8DAAC8CF2554CCE100DC08BF /* CreditsViewController.swift in Sources */,
				DA8E87252541AF93000D481B /* ChapterView.swift in Sources */,
				8DAAC8D22554CCE400DC08BF /* CreditsViewContainer.swift in Sources */,
				C557D39C2547854D00A537F3 /* PlayerService.swift in Sources */,
				8D41F6BE253099B900A496C6 /* Coordinator.swift in Sources */,
				DADC40C025403F7900078CA3 /* StoryNodeRepository.swift in Sources */,
				C56B280A2543892A004391BA /* PlayerDataService.swift in Sources */,
				8DD3F5B82541D60500FDA5B4 /* PauseButton.swift in Sources */,
				DA0A71E92539E360002BAB51 /* StoryNodesService.swift in Sources */,
				8D9E826A2549F391005FDC37 /* GameColors.swift in Sources */,
				DA3E12AA25386BAA00C48AF8 /* StoryViewModel.swift in Sources */,
				C5DFEB3C254A3DB400EAF4AA /* UIView+Extension.swift in Sources */,
				8D41F68F2530932300A496C6 /* MenuViewController.swift in Sources */,
				8D9E8286254A002B005FDC37 /* HUDView.swift in Sources */,
				C5DFEB30254A3D3B00EAF4AA /* PointsView.swift in Sources */,
				DA5972F42537278900D6EF40 /* PrimaryButton.swift in Sources */,
				8D41F68B2530932300A496C6 /* AppDelegate.swift in Sources */,
				DA1F092B2546EBD6008A5775 /* ChoiceView.swift in Sources */,
				DA1F095C254717D2008A5775 /* ChoiceViewModelDelegate.swift in Sources */,
				DA8E87482541C194000D481B /* ChapterViewModelDelegate.swift in Sources */,
				DA5972F02537261500D6EF40 /* StoryViewController.swift in Sources */,
				DA1F095825471780008A5775 /* ChoiceViewModel.swift in Sources */,
				DA1F0950254716E1008A5775 /* ChoiceViewContainer.swift in Sources */,
				DAC23A312537329D00D57C43 /* RegularTextView.swift in Sources */,
				DA789A9F25431502001CE5BF /* ChoiceButtonView.swift in Sources */,
				C593DEDB2542580100345F1B /* Player.swift in Sources */,
				DA1EB881255423C900D53030 /* MenuView.swift in Sources */,
				8D41F6C325309A1000A496C6 /* MenuCoordinator.swift in Sources */,
				DAD346422542F3EE00225BAF /* DynamicButtonView.swift in Sources */,
				C5DFEB34254A3D4700EAF4AA /* UIILabel+Animation.swift in Sources */,
				DA1F09312546EE2F008A5775 /* ChoiceViewInfos.swift in Sources */,
				DA1F0947254716A2008A5775 /* ChoiceViewController.swift in Sources */,
				8D9E826E2549F80F005FDC37 /* TransparentButton.swift in Sources */,
				DA8E873E2541BEA9000D481B /* ChapterViewContainer.swift in Sources */,
				8DAAC8DD2554CEC000DC08BF /* CreditsView.swift in Sources */,
				DA35ED362535F3E30061606C /* ImageView.swift in Sources */,
				DA8E874C2541C1FD000D481B /* ChapterCoordinator.swift in Sources */,
				DA789A92254312E9001CE5BF /* UIFont.swift in Sources */,
				DA5972E8253725DB00D6EF40 /* StoryCoordinator.swift in Sources */,
				DA8E873A2541BB64000D481B /* ChapterViewController.swift in Sources */,
				DA1EB890255434B600D53030 /* MenuViewModel.swift in Sources */,
				8D41F6CB25309C6700A496C6 /* Storyboarded.swift in Sources */,
				DA1F095425471701008A5775 /* ChoiceCoordinator.swift in Sources */,
			);
			runOnlyForDeploymentPostprocessing = 0;
		};
		8D41F6992530932500A496C6 /* Sources */ = {
			isa = PBXSourcesBuildPhase;
			buildActionMask = 2147483647;
			files = (
				DA8E872B2541B184000D481B /* ChapterViewTests.swift in Sources */,
				DA789AA725431B06001CE5BF /* ChoiceButtonTests.swift in Sources */,
				8DD3F5BE2541D6D800FDA5B4 /* PauseButtonTests.swift in Sources */,
				DA35ED3D2535F3FF0061606C /* ImageViewTests.swift in Sources */,
				8DEE2C6F253746A3006C187B /* StoryNodesTest.swift in Sources */,
				DA35ED452535F48E0061606C /* MockView.swift in Sources */,
				DA3E12B025387A5E00C48AF8 /* PrimaryButtonTests.swift in Sources */,
				8D9E828D254A00D4005FDC37 /* HUDViewTests.swift in Sources */,
				DAC55E08254081B5006E1845 /* ChapterinitLabelTests.swift in Sources */,
				C50FD4AF2544BF0B00B9D2CA /* PlayerDataServicesTests.swift in Sources */,
				8D9E827E2549FA02005FDC37 /* GoToDecisionButtonTests.swift in Sources */,
				DA1F09392546F7E5008A5775 /* ChoiceViewTests.swift in Sources */,
				DAC23A37253733D100D57C43 /* RegularTextViewTests.swift in Sources */,
				DAD346462542F70900225BAF /* DynamicButtonTests.swift in Sources */,
				DA1EB88725542C2200D53030 /* MenuViewTests.swift in Sources */,
			);
			runOnlyForDeploymentPostprocessing = 0;
		};
/* End PBXSourcesBuildPhase section */

/* Begin PBXTargetDependency section */
		8D41F69F2530932500A496C6 /* PBXTargetDependency */ = {
			isa = PBXTargetDependency;
			target = 8D41F6862530932200A496C6 /* challengeFinal */;
			targetProxy = 8D41F69E2530932500A496C6 /* PBXContainerItemProxy */;
		};
/* End PBXTargetDependency section */

/* Begin PBXVariantGroup section */
		8D41F6902530932300A496C6 /* Menu.storyboard */ = {
			isa = PBXVariantGroup;
			children = (
				8D41F6912530932300A496C6 /* Base */,
			);
			name = Menu.storyboard;
			sourceTree = "<group>";
		};
		8D41F6952530932500A496C6 /* LaunchScreen.storyboard */ = {
			isa = PBXVariantGroup;
			children = (
				8D41F6962530932500A496C6 /* Base */,
			);
			name = LaunchScreen.storyboard;
			sourceTree = "<group>";
		};
		8DB74E542554C279003D4A99 /* Credits.storyboard */ = {
			isa = PBXVariantGroup;
			children = (
				8DB74E552554C279003D4A99 /* Base */,
			);
			name = Credits.storyboard;
			sourceTree = "<group>";
		};
/* End PBXVariantGroup section */

/* Begin XCBuildConfiguration section */
		8D41F6AF2530932500A496C6 /* Debug */ = {
			isa = XCBuildConfiguration;
			buildSettings = {
				ALWAYS_SEARCH_USER_PATHS = NO;
				CLANG_ANALYZER_NONNULL = YES;
				CLANG_ANALYZER_NUMBER_OBJECT_CONVERSION = YES_AGGRESSIVE;
				CLANG_CXX_LANGUAGE_STANDARD = "gnu++14";
				CLANG_CXX_LIBRARY = "libc++";
				CLANG_ENABLE_MODULES = YES;
				CLANG_ENABLE_OBJC_ARC = YES;
				CLANG_ENABLE_OBJC_WEAK = YES;
				CLANG_WARN_BLOCK_CAPTURE_AUTORELEASING = YES;
				CLANG_WARN_BOOL_CONVERSION = YES;
				CLANG_WARN_COMMA = YES;
				CLANG_WARN_CONSTANT_CONVERSION = YES;
				CLANG_WARN_DEPRECATED_OBJC_IMPLEMENTATIONS = YES;
				CLANG_WARN_DIRECT_OBJC_ISA_USAGE = YES_ERROR;
				CLANG_WARN_DOCUMENTATION_COMMENTS = YES;
				CLANG_WARN_EMPTY_BODY = YES;
				CLANG_WARN_ENUM_CONVERSION = YES;
				CLANG_WARN_INFINITE_RECURSION = YES;
				CLANG_WARN_INT_CONVERSION = YES;
				CLANG_WARN_NON_LITERAL_NULL_CONVERSION = YES;
				CLANG_WARN_OBJC_IMPLICIT_RETAIN_SELF = YES;
				CLANG_WARN_OBJC_LITERAL_CONVERSION = YES;
				CLANG_WARN_OBJC_ROOT_CLASS = YES_ERROR;
				CLANG_WARN_QUOTED_INCLUDE_IN_FRAMEWORK_HEADER = YES;
				CLANG_WARN_RANGE_LOOP_ANALYSIS = YES;
				CLANG_WARN_STRICT_PROTOTYPES = YES;
				CLANG_WARN_SUSPICIOUS_MOVE = YES;
				CLANG_WARN_UNGUARDED_AVAILABILITY = YES_AGGRESSIVE;
				CLANG_WARN_UNREACHABLE_CODE = YES;
				CLANG_WARN__DUPLICATE_METHOD_MATCH = YES;
				COPY_PHASE_STRIP = NO;
				DEBUG_INFORMATION_FORMAT = dwarf;
				ENABLE_STRICT_OBJC_MSGSEND = YES;
				ENABLE_TESTABILITY = YES;
				GCC_C_LANGUAGE_STANDARD = gnu11;
				GCC_DYNAMIC_NO_PIC = NO;
				GCC_NO_COMMON_BLOCKS = YES;
				GCC_OPTIMIZATION_LEVEL = 0;
				GCC_PREPROCESSOR_DEFINITIONS = (
					"DEBUG=1",
					"$(inherited)",
				);
				GCC_WARN_64_TO_32_BIT_CONVERSION = YES;
				GCC_WARN_ABOUT_RETURN_TYPE = YES_ERROR;
				GCC_WARN_UNDECLARED_SELECTOR = YES;
				GCC_WARN_UNINITIALIZED_AUTOS = YES_AGGRESSIVE;
				GCC_WARN_UNUSED_FUNCTION = YES;
				GCC_WARN_UNUSED_VARIABLE = YES;
				IPHONEOS_DEPLOYMENT_TARGET = 14.0;
				MTL_ENABLE_DEBUG_INFO = INCLUDE_SOURCE;
				MTL_FAST_MATH = YES;
				ONLY_ACTIVE_ARCH = YES;
				SDKROOT = iphoneos;
				SWIFT_ACTIVE_COMPILATION_CONDITIONS = DEBUG;
				SWIFT_OPTIMIZATION_LEVEL = "-Onone";
			};
			name = Debug;
		};
		8D41F6B02530932500A496C6 /* Release */ = {
			isa = XCBuildConfiguration;
			buildSettings = {
				ALWAYS_SEARCH_USER_PATHS = NO;
				CLANG_ANALYZER_NONNULL = YES;
				CLANG_ANALYZER_NUMBER_OBJECT_CONVERSION = YES_AGGRESSIVE;
				CLANG_CXX_LANGUAGE_STANDARD = "gnu++14";
				CLANG_CXX_LIBRARY = "libc++";
				CLANG_ENABLE_MODULES = YES;
				CLANG_ENABLE_OBJC_ARC = YES;
				CLANG_ENABLE_OBJC_WEAK = YES;
				CLANG_WARN_BLOCK_CAPTURE_AUTORELEASING = YES;
				CLANG_WARN_BOOL_CONVERSION = YES;
				CLANG_WARN_COMMA = YES;
				CLANG_WARN_CONSTANT_CONVERSION = YES;
				CLANG_WARN_DEPRECATED_OBJC_IMPLEMENTATIONS = YES;
				CLANG_WARN_DIRECT_OBJC_ISA_USAGE = YES_ERROR;
				CLANG_WARN_DOCUMENTATION_COMMENTS = YES;
				CLANG_WARN_EMPTY_BODY = YES;
				CLANG_WARN_ENUM_CONVERSION = YES;
				CLANG_WARN_INFINITE_RECURSION = YES;
				CLANG_WARN_INT_CONVERSION = YES;
				CLANG_WARN_NON_LITERAL_NULL_CONVERSION = YES;
				CLANG_WARN_OBJC_IMPLICIT_RETAIN_SELF = YES;
				CLANG_WARN_OBJC_LITERAL_CONVERSION = YES;
				CLANG_WARN_OBJC_ROOT_CLASS = YES_ERROR;
				CLANG_WARN_QUOTED_INCLUDE_IN_FRAMEWORK_HEADER = YES;
				CLANG_WARN_RANGE_LOOP_ANALYSIS = YES;
				CLANG_WARN_STRICT_PROTOTYPES = YES;
				CLANG_WARN_SUSPICIOUS_MOVE = YES;
				CLANG_WARN_UNGUARDED_AVAILABILITY = YES_AGGRESSIVE;
				CLANG_WARN_UNREACHABLE_CODE = YES;
				CLANG_WARN__DUPLICATE_METHOD_MATCH = YES;
				COPY_PHASE_STRIP = NO;
				DEBUG_INFORMATION_FORMAT = "dwarf-with-dsym";
				ENABLE_NS_ASSERTIONS = NO;
				ENABLE_STRICT_OBJC_MSGSEND = YES;
				GCC_C_LANGUAGE_STANDARD = gnu11;
				GCC_NO_COMMON_BLOCKS = YES;
				GCC_WARN_64_TO_32_BIT_CONVERSION = YES;
				GCC_WARN_ABOUT_RETURN_TYPE = YES_ERROR;
				GCC_WARN_UNDECLARED_SELECTOR = YES;
				GCC_WARN_UNINITIALIZED_AUTOS = YES_AGGRESSIVE;
				GCC_WARN_UNUSED_FUNCTION = YES;
				GCC_WARN_UNUSED_VARIABLE = YES;
				IPHONEOS_DEPLOYMENT_TARGET = 14.0;
				MTL_ENABLE_DEBUG_INFO = NO;
				MTL_FAST_MATH = YES;
				SDKROOT = iphoneos;
				SWIFT_COMPILATION_MODE = wholemodule;
				SWIFT_OPTIMIZATION_LEVEL = "-O";
				VALIDATE_PRODUCT = YES;
			};
			name = Release;
		};
		8D41F6B22530932500A496C6 /* Debug */ = {
			isa = XCBuildConfiguration;
			baseConfigurationReference = 06541E4086D503AA0D506763 /* Pods-challengeFinal.debug.xcconfig */;
			buildSettings = {
				ASSETCATALOG_COMPILER_APPICON_NAME = AppIcon;
				ASSETCATALOG_COMPILER_GLOBAL_ACCENT_COLOR_NAME = AccentColor;
				CODE_SIGN_STYLE = Automatic;
				DEVELOPMENT_TEAM = 8C3NFSJWVT;
				INFOPLIST_FILE = challengeFinal/Info.plist;
				IPHONEOS_DEPLOYMENT_TARGET = 13.0;
				LD_RUNPATH_SEARCH_PATHS = (
					"$(inherited)",
					"@executable_path/Frameworks",
				);
				PRODUCT_BUNDLE_IDENTIFIER = aue.challengeFinal;
				PRODUCT_NAME = "$(TARGET_NAME)";
				SWIFT_VERSION = 5.0;
				TARGETED_DEVICE_FAMILY = "1,2";
			};
			name = Debug;
		};
		8D41F6B32530932500A496C6 /* Release */ = {
			isa = XCBuildConfiguration;
			baseConfigurationReference = 9EAC0408D3DE1D5D885DA8C1 /* Pods-challengeFinal.release.xcconfig */;
			buildSettings = {
				ASSETCATALOG_COMPILER_APPICON_NAME = AppIcon;
				ASSETCATALOG_COMPILER_GLOBAL_ACCENT_COLOR_NAME = AccentColor;
				CODE_SIGN_STYLE = Automatic;
				DEVELOPMENT_TEAM = 8C3NFSJWVT;
				INFOPLIST_FILE = challengeFinal/Info.plist;
				IPHONEOS_DEPLOYMENT_TARGET = 13.0;
				LD_RUNPATH_SEARCH_PATHS = (
					"$(inherited)",
					"@executable_path/Frameworks",
				);
				PRODUCT_BUNDLE_IDENTIFIER = aue.challengeFinal;
				PRODUCT_NAME = "$(TARGET_NAME)";
				SWIFT_VERSION = 5.0;
				TARGETED_DEVICE_FAMILY = "1,2";
			};
			name = Release;
		};
		8D41F6B52530932500A496C6 /* Debug */ = {
			isa = XCBuildConfiguration;
			baseConfigurationReference = DAF3986D513B30C7217ED0AA /* Pods-challengeFinal-challengeFinalTests.debug.xcconfig */;
			buildSettings = {
				ALWAYS_EMBED_SWIFT_STANDARD_LIBRARIES = YES;
				BUNDLE_LOADER = "$(TEST_HOST)";
				CODE_SIGN_STYLE = Automatic;
				DEVELOPMENT_TEAM = 8C3NFSJWVT;
				INFOPLIST_FILE = challengeFinalTests/Info.plist;
				IPHONEOS_DEPLOYMENT_TARGET = 14.0;
				LD_RUNPATH_SEARCH_PATHS = (
					"$(inherited)",
					"@executable_path/Frameworks",
					"@loader_path/Frameworks",
				);
				PRODUCT_BUNDLE_IDENTIFIER = aue.challengeFinalTests;
				PRODUCT_NAME = "$(TARGET_NAME)";
				SWIFT_VERSION = 5.0;
				TARGETED_DEVICE_FAMILY = "1,2";
				TEST_HOST = "$(BUILT_PRODUCTS_DIR)/challengeFinal.app/challengeFinal";
			};
			name = Debug;
		};
		8D41F6B62530932500A496C6 /* Release */ = {
			isa = XCBuildConfiguration;
			baseConfigurationReference = D3F953D80B5181C8492E54A0 /* Pods-challengeFinal-challengeFinalTests.release.xcconfig */;
			buildSettings = {
				ALWAYS_EMBED_SWIFT_STANDARD_LIBRARIES = YES;
				BUNDLE_LOADER = "$(TEST_HOST)";
				CODE_SIGN_STYLE = Automatic;
				DEVELOPMENT_TEAM = 8C3NFSJWVT;
				INFOPLIST_FILE = challengeFinalTests/Info.plist;
				IPHONEOS_DEPLOYMENT_TARGET = 14.0;
				LD_RUNPATH_SEARCH_PATHS = (
					"$(inherited)",
					"@executable_path/Frameworks",
					"@loader_path/Frameworks",
				);
				PRODUCT_BUNDLE_IDENTIFIER = aue.challengeFinalTests;
				PRODUCT_NAME = "$(TARGET_NAME)";
				SWIFT_VERSION = 5.0;
				TARGETED_DEVICE_FAMILY = "1,2";
				TEST_HOST = "$(BUILT_PRODUCTS_DIR)/challengeFinal.app/challengeFinal";
			};
			name = Release;
		};
/* End XCBuildConfiguration section */

/* Begin XCConfigurationList section */
		8D41F6822530932200A496C6 /* Build configuration list for PBXProject "challengeFinal" */ = {
			isa = XCConfigurationList;
			buildConfigurations = (
				8D41F6AF2530932500A496C6 /* Debug */,
				8D41F6B02530932500A496C6 /* Release */,
			);
			defaultConfigurationIsVisible = 0;
			defaultConfigurationName = Release;
		};
		8D41F6B12530932500A496C6 /* Build configuration list for PBXNativeTarget "challengeFinal" */ = {
			isa = XCConfigurationList;
			buildConfigurations = (
				8D41F6B22530932500A496C6 /* Debug */,
				8D41F6B32530932500A496C6 /* Release */,
			);
			defaultConfigurationIsVisible = 0;
			defaultConfigurationName = Release;
		};
		8D41F6B42530932500A496C6 /* Build configuration list for PBXNativeTarget "challengeFinalTests" */ = {
			isa = XCConfigurationList;
			buildConfigurations = (
				8D41F6B52530932500A496C6 /* Debug */,
				8D41F6B62530932500A496C6 /* Release */,
			);
			defaultConfigurationIsVisible = 0;
			defaultConfigurationName = Release;
		};
/* End XCConfigurationList section */
	};
	rootObject = 8D41F67F2530932200A496C6 /* Project object */;
}
